PODS:
  - Charts (3.3.0):
    - Charts/Core (= 3.3.0)
  - Charts/Core (3.3.0)
  - Realm (3.17.0):
    - Realm/Headers (= 3.17.0)
  - Realm/Headers (3.17.0)
  - RealmSwift (3.17.0):
    - Realm (= 3.17.0)
  - Surge (2.2.0)
  - SwiftLint (0.33.0)

DEPENDENCIES:
  - Charts
  - RealmSwift (~> 3.17)
  - Surge (~> 2.2)
  - SwiftLint

SPEC REPOS:
  https://github.com/cocoapods/specs.git:
    - Charts
    - Realm
    - RealmSwift
    - Surge
    - SwiftLint

SPEC CHECKSUMS:
  Charts: e0dd4cd8f257bccf98407b58183ddca8e8d5b578
  Realm: b30db41ff34fc858ffc25ba8d44a82c164e7ccd0
  RealmSwift: fe733e459d60dc7b6971d4cbee2eb4854097d12c
  Surge: 51fbaf8020dc2bc6416c07ed540f21536ba5a98b
  SwiftLint: fed9c66336e41fc74dc48a73678380718f0c8b0e

PODFILE CHECKSUM: ede86a61b1bd1a26fb17d4702860e074d90d2759

COCOAPODS: 1.5.3
