// !$*UTF8*$!
{
	archiveVersion = 1;
	classes = {
	};
	objectVersion = 51;
	objects = {

/* Begin PBXBuildFile section */
		670611325E4EE8EC8A6E3873 /* Pods_SBRA.framework in Frameworks */ = {isa = PBXBuildFile; fileRef = 2C7648575BC029CAF6421FB1 /* Pods_SBRA.framework */; };
		C11C019D22B2987B003CE368 /* AppSettingsViewController.swift in Sources */ = {isa = PBXBuildFile; fileRef = C11C019C22B2987B003CE368 /* AppSettingsViewController.swift */; };
		C12D4E6C21AECD2300AC2118 /* GraphPageViewController.swift in Sources */ = {isa = PBXBuildFile; fileRef = C12D4E6B21AECD2300AC2118 /* GraphPageViewController.swift */; };
		C137A92322BD072100770750 /* UIColor+Graphs.swift in Sources */ = {isa = PBXBuildFile; fileRef = C137A92222BD072100770750 /* UIColor+Graphs.swift */; };
		C14B38892180C36300B03F99 /* MotionDataParser.swift in Sources */ = {isa = PBXBuildFile; fileRef = C14B38882180C36300B03F99 /* MotionDataParser.swift */; };
		C14B388D2180CB3500B03F99 /* DataPoint.swift in Sources */ = {isa = PBXBuildFile; fileRef = C14B388C2180CB3500B03F99 /* DataPoint.swift */; };
		C162EFF0228862CD005E71CE /* PowerLimit.swift in Sources */ = {isa = PBXBuildFile; fileRef = C162EFEF228862CD005E71CE /* PowerLimit.swift */; };
		C17447EA2208732B00287C3E /* BuildingCategory.swift in Sources */ = {isa = PBXBuildFile; fileRef = C17447E92208732B00287C3E /* BuildingCategory.swift */; };
		C17447EC2208734200287C3E /* VibrationCategory.swift in Sources */ = {isa = PBXBuildFile; fileRef = C17447EB2208734200287C3E /* VibrationCategory.swift */; };
		C17447EE22088F8000287C3E /* CategoryWizard.swift in Sources */ = {isa = PBXBuildFile; fileRef = C17447ED22088F8000287C3E /* CategoryWizard.swift */; };
		C17447F022088FA600287C3E /* WizardQuestion.swift in Sources */ = {isa = PBXBuildFile; fileRef = C17447EF22088FA600287C3E /* WizardQuestion.swift */; };
		C17447F22208902700287C3E /* WizardItem.swift in Sources */ = {isa = PBXBuildFile; fileRef = C17447F12208902700287C3E /* WizardItem.swift */; };
		C17447F42208926700287C3E /* WizardOutcome.swift in Sources */ = {isa = PBXBuildFile; fileRef = C17447F32208926700287C3E /* WizardOutcome.swift */; };
		C17447F62208A15300287C3E /* CategoryWizardViewController.swift in Sources */ = {isa = PBXBuildFile; fileRef = C17447F52208A15300287C3E /* CategoryWizardViewController.swift */; };
		C17A3FA1224FC7DE00575905 /* Database.swift in Sources */ = {isa = PBXBuildFile; fileRef = C17A3FA0224FC7DE00575905 /* Database.swift */; };
		C17CDC94220B76C800F008E8 /* CategoryWizardResultsView.swift in Sources */ = {isa = PBXBuildFile; fileRef = C17CDC93220B76C800F008E8 /* CategoryWizardResultsView.swift */; };
		C1856312220B37540073999B /* CategoryWizardView.swift in Sources */ = {isa = PBXBuildFile; fileRef = C1856311220B37540073999B /* CategoryWizardView.swift */; };
		C1B2195521AC014900F7D004 /* GraphViewController.swift in Sources */ = {isa = PBXBuildFile; fileRef = C1B2195421AC014900F7D004 /* GraphViewController.swift */; };
		C1B2195721AC04AB00F7D004 /* GraphType.swift in Sources */ = {isa = PBXBuildFile; fileRef = C1B2195621AC04AB00F7D004 /* GraphType.swift */; };
		C1BA12ED217CBD0A0024F2DA /* AppDelegate.swift in Sources */ = {isa = PBXBuildFile; fileRef = C1BA12EC217CBD0A0024F2DA /* AppDelegate.swift */; };
		C1BA12F4217CBD0D0024F2DA /* Assets.xcassets in Resources */ = {isa = PBXBuildFile; fileRef = C1BA12F3217CBD0D0024F2DA /* Assets.xcassets */; };
		C1BA12F7217CBD0D0024F2DA /* LaunchScreen.storyboard in Resources */ = {isa = PBXBuildFile; fileRef = C1BA12F5217CBD0D0024F2DA /* LaunchScreen.storyboard */; };
		C1BA1302217CBD0D0024F2DA /* SBRATests.swift in Sources */ = {isa = PBXBuildFile; fileRef = C1BA1301217CBD0D0024F2DA /* SBRATests.swift */; };
		C1BA5876221A15CF00EF2480 /* MeasurementTableViewCell.swift in Sources */ = {isa = PBXBuildFile; fileRef = C1BA5875221A15CF00EF2480 /* MeasurementTableViewCell.swift */; };
		C1C9619C21B5CB34003A7396 /* UIColor+Rotterdam.swift in Sources */ = {isa = PBXBuildFile; fileRef = C1C9619B21B5CB34003A7396 /* UIColor+Rotterdam.swift */; };
		C1C9619E21B5CD40003A7396 /* UIFont+Rotterdam.swift in Sources */ = {isa = PBXBuildFile; fileRef = C1C9619D21B5CD40003A7396 /* UIFont+Rotterdam.swift */; };
		C1D1C4C722307D40000B7D99 /* Measurement.swift in Sources */ = {isa = PBXBuildFile; fileRef = C1D1C4C622307D40000B7D99 /* Measurement.swift */; };
		C1D8A15B21F1349000921AE5 /* SwitchTableViewCell.swift in Sources */ = {isa = PBXBuildFile; fileRef = C1D8A15A21F1349000921AE5 /* SwitchTableViewCell.swift */; };
		C1EA6B3121AAEFCC000841A3 /* MeasureViewController.swift in Sources */ = {isa = PBXBuildFile; fileRef = C1EA6B3021AAEFCC000841A3 /* MeasureViewController.swift */; };
		C1EE40CE219F6599004776F0 /* MeasurementsViewController.swift in Sources */ = {isa = PBXBuildFile; fileRef = C1EE40CD219F6599004776F0 /* MeasurementsViewController.swift */; };
		C1F188B822CBB28A0056B77B /* MeasurementDetailViewController.swift in Sources */ = {isa = PBXBuildFile; fileRef = C1F188B722CBB28A0056B77B /* MeasurementDetailViewController.swift */; };
		C1FB6FD4220A371800D7BE5A /* CategoryWizardDelegate.swift in Sources */ = {isa = PBXBuildFile; fileRef = C1FB6FD3220A371800D7BE5A /* CategoryWizardDelegate.swift */; };
		C1FB6FD6220A376700D7BE5A /* MeasurementSettings.swift in Sources */ = {isa = PBXBuildFile; fileRef = C1FB6FD5220A376700D7BE5A /* MeasurementSettings.swift */; };
		C1FE93A021EBAB21000B90FC /* MeasurementSettingsViewController.swift in Sources */ = {isa = PBXBuildFile; fileRef = C1FE939F21EBAB21000B90FC /* MeasurementSettingsViewController.swift */; };
		C1FF889122B6953000E1EDB5 /* AdvancedAppSettingsViewController.swift in Sources */ = {isa = PBXBuildFile; fileRef = C1FF889022B6953000E1EDB5 /* AdvancedAppSettingsViewController.swift */; };
		C1FF889322B6C5F100E1EDB5 /* PreferencesKeys.swift in Sources */ = {isa = PBXBuildFile; fileRef = C1FF889222B6C5F100E1EDB5 /* PreferencesKeys.swift */; };
		C20FA50323155531009C0BC2 /* DataHandler.swift in Sources */ = {isa = PBXBuildFile; fileRef = C20FA50223155531009C0BC2 /* DataHandler.swift */; };
		C20FA50523155564009C0BC2 /* DataInterval.swift in Sources */ = {isa = PBXBuildFile; fileRef = C20FA50423155564009C0BC2 /* DataInterval.swift */; };
		C20FA50723155670009C0BC2 /* DominantFrequencies.swift in Sources */ = {isa = PBXBuildFile; fileRef = C20FA50623155670009C0BC2 /* DominantFrequencies.swift */; };
		C20FA5092315639F009C0BC2 /* Calculator.swift in Sources */ = {isa = PBXBuildFile; fileRef = C20FA5082315639F009C0BC2 /* Calculator.swift */; };
		C20FA50B23167438009C0BC2 /* Date+Epoch.swift in Sources */ = {isa = PBXBuildFile; fileRef = C20FA50A23167438009C0BC2 /* Date+Epoch.swift */; };
		C20FA50D2316804A009C0BC2 /* MeasurementControl.swift in Sources */ = {isa = PBXBuildFile; fileRef = C20FA50C2316804A009C0BC2 /* MeasurementControl.swift */; };
		C2DE214C231D013A00BF772D /* Chart.swift in Sources */ = {isa = PBXBuildFile; fileRef = C2DE214B231D013A00BF772D /* Chart.swift */; };
		C2DE215C231E57E400BF772D /* AAEasyTool.swift in Sources */ = {isa = PBXBuildFile; fileRef = C2DE2154231E57E300BF772D /* AAEasyTool.swift */; };
		C2DE215D231E57E400BF772D /* AAChartModel.swift in Sources */ = {isa = PBXBuildFile; fileRef = C2DE2155231E57E300BF772D /* AAChartModel.swift */; };
		C2DE215E231E57E400BF772D /* AASerializable.swift in Sources */ = {isa = PBXBuildFile; fileRef = C2DE2156231E57E300BF772D /* AASerializable.swift */; };
		C2DE215F231E57E400BF772D /* AAChartView.swift in Sources */ = {isa = PBXBuildFile; fileRef = C2DE2157231E57E300BF772D /* AAChartView.swift */; };
		C2DE2160231E57E400BF772D /* AASeriesElement.swift in Sources */ = {isa = PBXBuildFile; fileRef = C2DE2158231E57E300BF772D /* AASeriesElement.swift */; };
		C2DE2161231E57E400BF772D /* AAColor.swift in Sources */ = {isa = PBXBuildFile; fileRef = C2DE2159231E57E400BF772D /* AAColor.swift */; };
		C2DE2162231E57E400BF772D /* AAOptionsComposer.swift in Sources */ = {isa = PBXBuildFile; fileRef = C2DE215A231E57E400BF772D /* AAOptionsComposer.swift */; };
		C2DE2163231E57E400BF772D /* AAGradientColor.swift in Sources */ = {isa = PBXBuildFile; fileRef = C2DE215B231E57E400BF772D /* AAGradientColor.swift */; };
		C2DE2176231E57F400BF772D /* AAXAxis.swift in Sources */ = {isa = PBXBuildFile; fileRef = C2DE2164231E57F200BF772D /* AAXAxis.swift */; };
		C2DE2177231E57F400BF772D /* AAMarker.swift in Sources */ = {isa = PBXBuildFile; fileRef = C2DE2165231E57F300BF772D /* AAMarker.swift */; };
		C2DE2178231E57F400BF772D /* AAPlotLinesElement.swift in Sources */ = {isa = PBXBuildFile; fileRef = C2DE2166231E57F300BF772D /* AAPlotLinesElement.swift */; };
		C2DE2179231E57F400BF772D /* AADataLabels.swift in Sources */ = {isa = PBXBuildFile; fileRef = C2DE2167231E57F300BF772D /* AADataLabels.swift */; };
		C2DE217A231E57F400BF772D /* AASubtitle.swift in Sources */ = {isa = PBXBuildFile; fileRef = C2DE2168231E57F300BF772D /* AASubtitle.swift */; };
		C2DE217B231E57F400BF772D /* AAOptions.swift in Sources */ = {isa = PBXBuildFile; fileRef = C2DE2169231E57F300BF772D /* AAOptions.swift */; };
		C2DE217C231E57F400BF772D /* AATooltip.swift in Sources */ = {isa = PBXBuildFile; fileRef = C2DE216A231E57F300BF772D /* AATooltip.swift */; };
		C2DE217D231E57F400BF772D /* AAYAxis.swift in Sources */ = {isa = PBXBuildFile; fileRef = C2DE216B231E57F300BF772D /* AAYAxis.swift */; };
		C2DE217E231E57F400BF772D /* AALegend.swift in Sources */ = {isa = PBXBuildFile; fileRef = C2DE216C231E57F300BF772D /* AALegend.swift */; };
		C2DE217F231E57F400BF772D /* AACrosshair.swift in Sources */ = {isa = PBXBuildFile; fileRef = C2DE216D231E57F300BF772D /* AACrosshair.swift */; };
		C2DE2180231E57F400BF772D /* AASeries.swift in Sources */ = {isa = PBXBuildFile; fileRef = C2DE216E231E57F300BF772D /* AASeries.swift */; };
		C2DE2181231E57F400BF772D /* AAChart.swift in Sources */ = {isa = PBXBuildFile; fileRef = C2DE216F231E57F300BF772D /* AAChart.swift */; };
		C2DE2182231E57F400BF772D /* AALabel.swift in Sources */ = {isa = PBXBuildFile; fileRef = C2DE2170231E57F300BF772D /* AALabel.swift */; };
		C2DE2183231E57F400BF772D /* AATitle.swift in Sources */ = {isa = PBXBuildFile; fileRef = C2DE2171231E57F400BF772D /* AATitle.swift */; };
		C2DE2184231E57F400BF772D /* AAPlotBandsElement.swift in Sources */ = {isa = PBXBuildFile; fileRef = C2DE2172231E57F400BF772D /* AAPlotBandsElement.swift */; };
		C2DE2185231E57F400BF772D /* AAPlotOptions.swift in Sources */ = {isa = PBXBuildFile; fileRef = C2DE2173231E57F400BF772D /* AAPlotOptions.swift */; };
		C2DE2186231E57F400BF772D /* AAAnimation.swift in Sources */ = {isa = PBXBuildFile; fileRef = C2DE2174231E57F400BF772D /* AAAnimation.swift */; };
		C2DE2187231E57F400BF772D /* AALabels.swift in Sources */ = {isa = PBXBuildFile; fileRef = C2DE2175231E57F400BF772D /* AALabels.swift */; };
		C2DE2189231E57FA00BF772D /* AAJSFiles.bundle in Resources */ = {isa = PBXBuildFile; fileRef = C2DE2188231E57F900BF772D /* AAJSFiles.bundle */; };
		C2DE218B231FD14800BF772D /* Const.swift in Sources */ = {isa = PBXBuildFile; fileRef = C2DE218A231FD14700BF772D /* Const.swift */; };
		C2DE218D231FEDE100BF772D /* FFT.swift in Sources */ = {isa = PBXBuildFile; fileRef = C2DE218C231FEDE100BF772D /* FFT.swift */; };
/* End PBXBuildFile section */

/* Begin PBXContainerItemProxy section */
		C1BA12FE217CBD0D0024F2DA /* PBXContainerItemProxy */ = {
			isa = PBXContainerItemProxy;
			containerPortal = C1BA12E1217CBD0A0024F2DA /* Project object */;
			proxyType = 1;
			remoteGlobalIDString = C1BA12E8217CBD0A0024F2DA;
			remoteInfo = SBRA;
		};
/* End PBXContainerItemProxy section */

/* Begin PBXFileReference section */
		2C7648575BC029CAF6421FB1 /* Pods_SBRA.framework */ = {isa = PBXFileReference; explicitFileType = wrapper.framework; includeInIndex = 0; path = Pods_SBRA.framework; sourceTree = BUILT_PRODUCTS_DIR; };
		6F511BD27B300B9783B5BA4F /* Pods-SBRA.release.xcconfig */ = {isa = PBXFileReference; includeInIndex = 1; lastKnownFileType = text.xcconfig; name = "Pods-SBRA.release.xcconfig"; path = "Pods/Target Support Files/Pods-SBRA/Pods-SBRA.release.xcconfig"; sourceTree = "<group>"; };
		81B42AC13935647DFC95260F /* Pods-SBRA.debug.xcconfig */ = {isa = PBXFileReference; includeInIndex = 1; lastKnownFileType = text.xcconfig; name = "Pods-SBRA.debug.xcconfig"; path = "Pods/Target Support Files/Pods-SBRA/Pods-SBRA.debug.xcconfig"; sourceTree = "<group>"; };
		C11C019C22B2987B003CE368 /* AppSettingsViewController.swift */ = {isa = PBXFileReference; lastKnownFileType = sourcecode.swift; path = AppSettingsViewController.swift; sourceTree = "<group>"; };
		C12D4E6B21AECD2300AC2118 /* GraphPageViewController.swift */ = {isa = PBXFileReference; lastKnownFileType = sourcecode.swift; path = GraphPageViewController.swift; sourceTree = "<group>"; };
		C137A92222BD072100770750 /* UIColor+Graphs.swift */ = {isa = PBXFileReference; lastKnownFileType = sourcecode.swift; path = "UIColor+Graphs.swift"; sourceTree = "<group>"; };
		C14B38882180C36300B03F99 /* MotionDataParser.swift */ = {isa = PBXFileReference; lastKnownFileType = sourcecode.swift; path = MotionDataParser.swift; sourceTree = "<group>"; };
		C14B388C2180CB3500B03F99 /* DataPoint.swift */ = {isa = PBXFileReference; lastKnownFileType = sourcecode.swift; path = DataPoint.swift; sourceTree = "<group>"; };
		C162EFEF228862CD005E71CE /* PowerLimit.swift */ = {isa = PBXFileReference; lastKnownFileType = sourcecode.swift; path = PowerLimit.swift; sourceTree = "<group>"; };
		C17447E92208732B00287C3E /* BuildingCategory.swift */ = {isa = PBXFileReference; lastKnownFileType = sourcecode.swift; path = BuildingCategory.swift; sourceTree = "<group>"; };
		C17447EB2208734200287C3E /* VibrationCategory.swift */ = {isa = PBXFileReference; lastKnownFileType = sourcecode.swift; path = VibrationCategory.swift; sourceTree = "<group>"; };
		C17447ED22088F8000287C3E /* CategoryWizard.swift */ = {isa = PBXFileReference; lastKnownFileType = sourcecode.swift; path = CategoryWizard.swift; sourceTree = "<group>"; };
		C17447EF22088FA600287C3E /* WizardQuestion.swift */ = {isa = PBXFileReference; lastKnownFileType = sourcecode.swift; path = WizardQuestion.swift; sourceTree = "<group>"; };
		C17447F12208902700287C3E /* WizardItem.swift */ = {isa = PBXFileReference; lastKnownFileType = sourcecode.swift; path = WizardItem.swift; sourceTree = "<group>"; };
		C17447F32208926700287C3E /* WizardOutcome.swift */ = {isa = PBXFileReference; lastKnownFileType = sourcecode.swift; path = WizardOutcome.swift; sourceTree = "<group>"; };
		C17447F52208A15300287C3E /* CategoryWizardViewController.swift */ = {isa = PBXFileReference; lastKnownFileType = sourcecode.swift; path = CategoryWizardViewController.swift; sourceTree = "<group>"; };
		C17A3FA0224FC7DE00575905 /* Database.swift */ = {isa = PBXFileReference; lastKnownFileType = sourcecode.swift; path = Database.swift; sourceTree = "<group>"; };
		C17CDC93220B76C800F008E8 /* CategoryWizardResultsView.swift */ = {isa = PBXFileReference; lastKnownFileType = sourcecode.swift; path = CategoryWizardResultsView.swift; sourceTree = "<group>"; };
		C1856311220B37540073999B /* CategoryWizardView.swift */ = {isa = PBXFileReference; lastKnownFileType = sourcecode.swift; path = CategoryWizardView.swift; sourceTree = "<group>"; };
		C1B2195421AC014900F7D004 /* GraphViewController.swift */ = {isa = PBXFileReference; lastKnownFileType = sourcecode.swift; path = GraphViewController.swift; sourceTree = "<group>"; };
		C1B2195621AC04AB00F7D004 /* GraphType.swift */ = {isa = PBXFileReference; lastKnownFileType = sourcecode.swift; path = GraphType.swift; sourceTree = "<group>"; };
		C1BA12E9217CBD0A0024F2DA /* SBRA.app */ = {isa = PBXFileReference; explicitFileType = wrapper.application; includeInIndex = 0; path = SBRA.app; sourceTree = BUILT_PRODUCTS_DIR; };
		C1BA12EC217CBD0A0024F2DA /* AppDelegate.swift */ = {isa = PBXFileReference; lastKnownFileType = sourcecode.swift; path = AppDelegate.swift; sourceTree = "<group>"; };
		C1BA12F3217CBD0D0024F2DA /* Assets.xcassets */ = {isa = PBXFileReference; lastKnownFileType = folder.assetcatalog; path = Assets.xcassets; sourceTree = "<group>"; };
		C1BA12F6217CBD0D0024F2DA /* Base */ = {isa = PBXFileReference; lastKnownFileType = file.storyboard; name = Base; path = Base.lproj/LaunchScreen.storyboard; sourceTree = "<group>"; };
		C1BA12F8217CBD0D0024F2DA /* Info.plist */ = {isa = PBXFileReference; lastKnownFileType = text.plist.xml; path = Info.plist; sourceTree = "<group>"; };
		C1BA12FD217CBD0D0024F2DA /* SBRATests.xctest */ = {isa = PBXFileReference; explicitFileType = wrapper.cfbundle; includeInIndex = 0; path = SBRATests.xctest; sourceTree = BUILT_PRODUCTS_DIR; };
		C1BA1301217CBD0D0024F2DA /* SBRATests.swift */ = {isa = PBXFileReference; lastKnownFileType = sourcecode.swift; path = SBRATests.swift; sourceTree = "<group>"; };
		C1BA1303217CBD0D0024F2DA /* Info.plist */ = {isa = PBXFileReference; lastKnownFileType = text.plist.xml; path = Info.plist; sourceTree = "<group>"; };
		C1BA5875221A15CF00EF2480 /* MeasurementTableViewCell.swift */ = {isa = PBXFileReference; lastKnownFileType = sourcecode.swift; path = MeasurementTableViewCell.swift; sourceTree = "<group>"; };
		C1C9619B21B5CB34003A7396 /* UIColor+Rotterdam.swift */ = {isa = PBXFileReference; lastKnownFileType = sourcecode.swift; path = "UIColor+Rotterdam.swift"; sourceTree = "<group>"; };
		C1C9619D21B5CD40003A7396 /* UIFont+Rotterdam.swift */ = {isa = PBXFileReference; lastKnownFileType = sourcecode.swift; path = "UIFont+Rotterdam.swift"; sourceTree = "<group>"; };
		C1D1C4C622307D40000B7D99 /* Measurement.swift */ = {isa = PBXFileReference; lastKnownFileType = sourcecode.swift; path = Measurement.swift; sourceTree = "<group>"; };
		C1D8A15A21F1349000921AE5 /* SwitchTableViewCell.swift */ = {isa = PBXFileReference; lastKnownFileType = sourcecode.swift; path = SwitchTableViewCell.swift; sourceTree = "<group>"; };
		C1EA6B3021AAEFCC000841A3 /* MeasureViewController.swift */ = {isa = PBXFileReference; lastKnownFileType = sourcecode.swift; path = MeasureViewController.swift; sourceTree = "<group>"; };
		C1EE40CD219F6599004776F0 /* MeasurementsViewController.swift */ = {isa = PBXFileReference; lastKnownFileType = sourcecode.swift; path = MeasurementsViewController.swift; sourceTree = "<group>"; };
		C1F188B722CBB28A0056B77B /* MeasurementDetailViewController.swift */ = {isa = PBXFileReference; lastKnownFileType = sourcecode.swift; path = MeasurementDetailViewController.swift; sourceTree = "<group>"; };
		C1FB6FD3220A371800D7BE5A /* CategoryWizardDelegate.swift */ = {isa = PBXFileReference; lastKnownFileType = sourcecode.swift; path = CategoryWizardDelegate.swift; sourceTree = "<group>"; };
		C1FB6FD5220A376700D7BE5A /* MeasurementSettings.swift */ = {isa = PBXFileReference; lastKnownFileType = sourcecode.swift; path = MeasurementSettings.swift; sourceTree = "<group>"; };
		C1FE939F21EBAB21000B90FC /* MeasurementSettingsViewController.swift */ = {isa = PBXFileReference; lastKnownFileType = sourcecode.swift; path = MeasurementSettingsViewController.swift; sourceTree = "<group>"; };
		C1FF889022B6953000E1EDB5 /* AdvancedAppSettingsViewController.swift */ = {isa = PBXFileReference; lastKnownFileType = sourcecode.swift; path = AdvancedAppSettingsViewController.swift; sourceTree = "<group>"; };
		C1FF889222B6C5F100E1EDB5 /* PreferencesKeys.swift */ = {isa = PBXFileReference; lastKnownFileType = sourcecode.swift; path = PreferencesKeys.swift; sourceTree = "<group>"; };
		C20FA50223155531009C0BC2 /* DataHandler.swift */ = {isa = PBXFileReference; lastKnownFileType = sourcecode.swift; path = DataHandler.swift; sourceTree = "<group>"; };
		C20FA50423155564009C0BC2 /* DataInterval.swift */ = {isa = PBXFileReference; lastKnownFileType = sourcecode.swift; path = DataInterval.swift; sourceTree = "<group>"; };
		C20FA50623155670009C0BC2 /* DominantFrequencies.swift */ = {isa = PBXFileReference; lastKnownFileType = sourcecode.swift; path = DominantFrequencies.swift; sourceTree = "<group>"; };
		C20FA5082315639F009C0BC2 /* Calculator.swift */ = {isa = PBXFileReference; lastKnownFileType = sourcecode.swift; path = Calculator.swift; sourceTree = "<group>"; };
		C20FA50A23167438009C0BC2 /* Date+Epoch.swift */ = {isa = PBXFileReference; lastKnownFileType = sourcecode.swift; path = "Date+Epoch.swift"; sourceTree = "<group>"; };
		C20FA50C2316804A009C0BC2 /* MeasurementControl.swift */ = {isa = PBXFileReference; lastKnownFileType = sourcecode.swift; path = MeasurementControl.swift; sourceTree = "<group>"; };
		C2DE214B231D013A00BF772D /* Chart.swift */ = {isa = PBXFileReference; lastKnownFileType = sourcecode.swift; path = Chart.swift; sourceTree = "<group>"; };
		C2DE2154231E57E300BF772D /* AAEasyTool.swift */ = {isa = PBXFileReference; fileEncoding = 4; lastKnownFileType = sourcecode.swift; name = AAEasyTool.swift; path = "../../../../../Downloads/AAChartKit-Swift-5ac6694a2536ca8e1723b1d50f9a75d83da357b4/AAInfographics/AAChartCreator/AAEasyTool.swift"; sourceTree = "<group>"; };
		C2DE2155231E57E300BF772D /* AAChartModel.swift */ = {isa = PBXFileReference; fileEncoding = 4; lastKnownFileType = sourcecode.swift; name = AAChartModel.swift; path = "../../../../../Downloads/AAChartKit-Swift-5ac6694a2536ca8e1723b1d50f9a75d83da357b4/AAInfographics/AAChartCreator/AAChartModel.swift"; sourceTree = "<group>"; };
		C2DE2156231E57E300BF772D /* AASerializable.swift */ = {isa = PBXFileReference; fileEncoding = 4; lastKnownFileType = sourcecode.swift; name = AASerializable.swift; path = "../../../../../Downloads/AAChartKit-Swift-5ac6694a2536ca8e1723b1d50f9a75d83da357b4/AAInfographics/AAChartCreator/AASerializable.swift"; sourceTree = "<group>"; };
		C2DE2157231E57E300BF772D /* AAChartView.swift */ = {isa = PBXFileReference; fileEncoding = 4; lastKnownFileType = sourcecode.swift; name = AAChartView.swift; path = "../../../../../Downloads/AAChartKit-Swift-5ac6694a2536ca8e1723b1d50f9a75d83da357b4/AAInfographics/AAChartCreator/AAChartView.swift"; sourceTree = "<group>"; };
		C2DE2158231E57E300BF772D /* AASeriesElement.swift */ = {isa = PBXFileReference; fileEncoding = 4; lastKnownFileType = sourcecode.swift; name = AASeriesElement.swift; path = "../../../../../Downloads/AAChartKit-Swift-5ac6694a2536ca8e1723b1d50f9a75d83da357b4/AAInfographics/AAChartCreator/AASeriesElement.swift"; sourceTree = "<group>"; };
		C2DE2159231E57E400BF772D /* AAColor.swift */ = {isa = PBXFileReference; fileEncoding = 4; lastKnownFileType = sourcecode.swift; name = AAColor.swift; path = "../../../../../Downloads/AAChartKit-Swift-5ac6694a2536ca8e1723b1d50f9a75d83da357b4/AAInfographics/AAChartCreator/AAColor.swift"; sourceTree = "<group>"; };
		C2DE215A231E57E400BF772D /* AAOptionsComposer.swift */ = {isa = PBXFileReference; fileEncoding = 4; lastKnownFileType = sourcecode.swift; name = AAOptionsComposer.swift; path = "../../../../../Downloads/AAChartKit-Swift-5ac6694a2536ca8e1723b1d50f9a75d83da357b4/AAInfographics/AAChartCreator/AAOptionsComposer.swift"; sourceTree = "<group>"; };
		C2DE215B231E57E400BF772D /* AAGradientColor.swift */ = {isa = PBXFileReference; fileEncoding = 4; lastKnownFileType = sourcecode.swift; name = AAGradientColor.swift; path = "../../../../../Downloads/AAChartKit-Swift-5ac6694a2536ca8e1723b1d50f9a75d83da357b4/AAInfographics/AAChartCreator/AAGradientColor.swift"; sourceTree = "<group>"; };
		C2DE2164231E57F200BF772D /* AAXAxis.swift */ = {isa = PBXFileReference; fileEncoding = 4; lastKnownFileType = sourcecode.swift; name = AAXAxis.swift; path = "../../../../../Downloads/AAChartKit-Swift-5ac6694a2536ca8e1723b1d50f9a75d83da357b4/AAInfographics/AAOptionsModel/AAXAxis.swift"; sourceTree = "<group>"; };
		C2DE2165231E57F300BF772D /* AAMarker.swift */ = {isa = PBXFileReference; fileEncoding = 4; lastKnownFileType = sourcecode.swift; name = AAMarker.swift; path = "../../../../../Downloads/AAChartKit-Swift-5ac6694a2536ca8e1723b1d50f9a75d83da357b4/AAInfographics/AAOptionsModel/AAMarker.swift"; sourceTree = "<group>"; };
		C2DE2166231E57F300BF772D /* AAPlotLinesElement.swift */ = {isa = PBXFileReference; fileEncoding = 4; lastKnownFileType = sourcecode.swift; name = AAPlotLinesElement.swift; path = "../../../../../Downloads/AAChartKit-Swift-5ac6694a2536ca8e1723b1d50f9a75d83da357b4/AAInfographics/AAOptionsModel/AAPlotLinesElement.swift"; sourceTree = "<group>"; };
		C2DE2167231E57F300BF772D /* AADataLabels.swift */ = {isa = PBXFileReference; fileEncoding = 4; lastKnownFileType = sourcecode.swift; name = AADataLabels.swift; path = "../../../../../Downloads/AAChartKit-Swift-5ac6694a2536ca8e1723b1d50f9a75d83da357b4/AAInfographics/AAOptionsModel/AADataLabels.swift"; sourceTree = "<group>"; };
		C2DE2168231E57F300BF772D /* AASubtitle.swift */ = {isa = PBXFileReference; fileEncoding = 4; lastKnownFileType = sourcecode.swift; name = AASubtitle.swift; path = "../../../../../Downloads/AAChartKit-Swift-5ac6694a2536ca8e1723b1d50f9a75d83da357b4/AAInfographics/AAOptionsModel/AASubtitle.swift"; sourceTree = "<group>"; };
		C2DE2169231E57F300BF772D /* AAOptions.swift */ = {isa = PBXFileReference; fileEncoding = 4; lastKnownFileType = sourcecode.swift; name = AAOptions.swift; path = "../../../../../Downloads/AAChartKit-Swift-5ac6694a2536ca8e1723b1d50f9a75d83da357b4/AAInfographics/AAOptionsModel/AAOptions.swift"; sourceTree = "<group>"; };
		C2DE216A231E57F300BF772D /* AATooltip.swift */ = {isa = PBXFileReference; fileEncoding = 4; lastKnownFileType = sourcecode.swift; name = AATooltip.swift; path = "../../../../../Downloads/AAChartKit-Swift-5ac6694a2536ca8e1723b1d50f9a75d83da357b4/AAInfographics/AAOptionsModel/AATooltip.swift"; sourceTree = "<group>"; };
		C2DE216B231E57F300BF772D /* AAYAxis.swift */ = {isa = PBXFileReference; fileEncoding = 4; lastKnownFileType = sourcecode.swift; name = AAYAxis.swift; path = "../../../../../Downloads/AAChartKit-Swift-5ac6694a2536ca8e1723b1d50f9a75d83da357b4/AAInfographics/AAOptionsModel/AAYAxis.swift"; sourceTree = "<group>"; };
		C2DE216C231E57F300BF772D /* AALegend.swift */ = {isa = PBXFileReference; fileEncoding = 4; lastKnownFileType = sourcecode.swift; name = AALegend.swift; path = "../../../../../Downloads/AAChartKit-Swift-5ac6694a2536ca8e1723b1d50f9a75d83da357b4/AAInfographics/AAOptionsModel/AALegend.swift"; sourceTree = "<group>"; };
		C2DE216D231E57F300BF772D /* AACrosshair.swift */ = {isa = PBXFileReference; fileEncoding = 4; lastKnownFileType = sourcecode.swift; name = AACrosshair.swift; path = "../../../../../Downloads/AAChartKit-Swift-5ac6694a2536ca8e1723b1d50f9a75d83da357b4/AAInfographics/AAOptionsModel/AACrosshair.swift"; sourceTree = "<group>"; };
		C2DE216E231E57F300BF772D /* AASeries.swift */ = {isa = PBXFileReference; fileEncoding = 4; lastKnownFileType = sourcecode.swift; name = AASeries.swift; path = "../../../../../Downloads/AAChartKit-Swift-5ac6694a2536ca8e1723b1d50f9a75d83da357b4/AAInfographics/AAOptionsModel/AASeries.swift"; sourceTree = "<group>"; };
		C2DE216F231E57F300BF772D /* AAChart.swift */ = {isa = PBXFileReference; fileEncoding = 4; lastKnownFileType = sourcecode.swift; name = AAChart.swift; path = "../../../../../Downloads/AAChartKit-Swift-5ac6694a2536ca8e1723b1d50f9a75d83da357b4/AAInfographics/AAOptionsModel/AAChart.swift"; sourceTree = "<group>"; };
		C2DE2170231E57F300BF772D /* AALabel.swift */ = {isa = PBXFileReference; fileEncoding = 4; lastKnownFileType = sourcecode.swift; name = AALabel.swift; path = "../../../../../Downloads/AAChartKit-Swift-5ac6694a2536ca8e1723b1d50f9a75d83da357b4/AAInfographics/AAOptionsModel/AALabel.swift"; sourceTree = "<group>"; };
		C2DE2171231E57F400BF772D /* AATitle.swift */ = {isa = PBXFileReference; fileEncoding = 4; lastKnownFileType = sourcecode.swift; name = AATitle.swift; path = "../../../../../Downloads/AAChartKit-Swift-5ac6694a2536ca8e1723b1d50f9a75d83da357b4/AAInfographics/AAOptionsModel/AATitle.swift"; sourceTree = "<group>"; };
		C2DE2172231E57F400BF772D /* AAPlotBandsElement.swift */ = {isa = PBXFileReference; fileEncoding = 4; lastKnownFileType = sourcecode.swift; name = AAPlotBandsElement.swift; path = "../../../../../Downloads/AAChartKit-Swift-5ac6694a2536ca8e1723b1d50f9a75d83da357b4/AAInfographics/AAOptionsModel/AAPlotBandsElement.swift"; sourceTree = "<group>"; };
		C2DE2173231E57F400BF772D /* AAPlotOptions.swift */ = {isa = PBXFileReference; fileEncoding = 4; lastKnownFileType = sourcecode.swift; name = AAPlotOptions.swift; path = "../../../../../Downloads/AAChartKit-Swift-5ac6694a2536ca8e1723b1d50f9a75d83da357b4/AAInfographics/AAOptionsModel/AAPlotOptions.swift"; sourceTree = "<group>"; };
		C2DE2174231E57F400BF772D /* AAAnimation.swift */ = {isa = PBXFileReference; fileEncoding = 4; lastKnownFileType = sourcecode.swift; name = AAAnimation.swift; path = "../../../../../Downloads/AAChartKit-Swift-5ac6694a2536ca8e1723b1d50f9a75d83da357b4/AAInfographics/AAOptionsModel/AAAnimation.swift"; sourceTree = "<group>"; };
		C2DE2175231E57F400BF772D /* AALabels.swift */ = {isa = PBXFileReference; fileEncoding = 4; lastKnownFileType = sourcecode.swift; name = AALabels.swift; path = "../../../../../Downloads/AAChartKit-Swift-5ac6694a2536ca8e1723b1d50f9a75d83da357b4/AAInfographics/AAOptionsModel/AALabels.swift"; sourceTree = "<group>"; };
		C2DE2188231E57F900BF772D /* AAJSFiles.bundle */ = {isa = PBXFileReference; lastKnownFileType = "wrapper.plug-in"; name = AAJSFiles.bundle; path = "../../../../../Downloads/AAChartKit-Swift-5ac6694a2536ca8e1723b1d50f9a75d83da357b4/AAInfographics/AAJSFiles.bundle"; sourceTree = "<group>"; };
		C2DE218A231FD14700BF772D /* Const.swift */ = {isa = PBXFileReference; lastKnownFileType = sourcecode.swift; path = Const.swift; sourceTree = "<group>"; };
		C2DE218C231FEDE100BF772D /* FFT.swift */ = {isa = PBXFileReference; lastKnownFileType = sourcecode.swift; path = FFT.swift; sourceTree = "<group>"; };
/* End PBXFileReference section */

/* Begin PBXFrameworksBuildPhase section */
		C1BA12E6217CBD0A0024F2DA /* Frameworks */ = {
			isa = PBXFrameworksBuildPhase;
			buildActionMask = 2147483647;
			files = (
				670611325E4EE8EC8A6E3873 /* Pods_SBRA.framework in Frameworks */,
			);
			runOnlyForDeploymentPostprocessing = 0;
		};
		C1BA12FA217CBD0D0024F2DA /* Frameworks */ = {
			isa = PBXFrameworksBuildPhase;
			buildActionMask = 2147483647;
			files = (
			);
			runOnlyForDeploymentPostprocessing = 0;
		};
/* End PBXFrameworksBuildPhase section */

/* Begin PBXGroup section */
		5C94E6BB505B04685F96DA71 /* Frameworks */ = {
			isa = PBXGroup;
			children = (
				2C7648575BC029CAF6421FB1 /* Pods_SBRA.framework */,
			);
			name = Frameworks;
			sourceTree = "<group>";
		};
		AC954403CD8586810C730375 /* Pods */ = {
			isa = PBXGroup;
			children = (
				81B42AC13935647DFC95260F /* Pods-SBRA.debug.xcconfig */,
				6F511BD27B300B9783B5BA4F /* Pods-SBRA.release.xcconfig */,
			);
			name = Pods;
			sourceTree = "<group>";
		};
		C1BA12E0217CBD0A0024F2DA = {
			isa = PBXGroup;
			children = (
				C1BA12EB217CBD0A0024F2DA /* SBRA */,
				C1BA1300217CBD0D0024F2DA /* SBRATests */,
				C1BA12EA217CBD0A0024F2DA /* Products */,
				AC954403CD8586810C730375 /* Pods */,
				5C94E6BB505B04685F96DA71 /* Frameworks */,
			);
			sourceTree = "<group>";
		};
		C1BA12EA217CBD0A0024F2DA /* Products */ = {
			isa = PBXGroup;
			children = (
				C1BA12E9217CBD0A0024F2DA /* SBRA.app */,
				C1BA12FD217CBD0D0024F2DA /* SBRATests.xctest */,
			);
			name = Products;
			sourceTree = "<group>";
		};
		C1BA12EB217CBD0A0024F2DA /* SBRA */ = {
			isa = PBXGroup;
			children = (
				C2DE2153231E57C600BF772D /* AAInfoGraph */,
				C1BA12EC217CBD0A0024F2DA /* AppDelegate.swift */,
				C14B38882180C36300B03F99 /* MotionDataParser.swift */,
				C1C9619F21B6B08B003A7396 /* Controller */,
				C1C961A221B6B0C0003A7396 /* Model */,
				C1C961A321B6B0CD003A7396 /* View */,
				C1C961A121B6B0AD003A7396 /* Extensions */,
				C1FF889422B6C5FA00E1EDB5 /* Resources */,
				C1BA12F3217CBD0D0024F2DA /* Assets.xcassets */,
				C1BA12F5217CBD0D0024F2DA /* LaunchScreen.storyboard */,
				C1BA12F8217CBD0D0024F2DA /* Info.plist */,
				C20FA50223155531009C0BC2 /* DataHandler.swift */,
				C20FA50423155564009C0BC2 /* DataInterval.swift */,
				C20FA50623155670009C0BC2 /* DominantFrequencies.swift */,
				C20FA5082315639F009C0BC2 /* Calculator.swift */,
				C20FA50C2316804A009C0BC2 /* MeasurementControl.swift */,
				C2DE218A231FD14700BF772D /* Const.swift */,
				C2DE218C231FEDE100BF772D /* FFT.swift */,
			);
			path = SBRA;
			sourceTree = "<group>";
		};
		C1BA1300217CBD0D0024F2DA /* SBRATests */ = {
			isa = PBXGroup;
			children = (
				C1BA1301217CBD0D0024F2DA /* SBRATests.swift */,
				C1BA1303217CBD0D0024F2DA /* Info.plist */,
			);
			path = SBRATests;
			sourceTree = "<group>";
		};
		C1C9619F21B6B08B003A7396 /* Controller */ = {
			isa = PBXGroup;
			children = (
				C1EE40CD219F6599004776F0 /* MeasurementsViewController.swift */,
				C1EA6B3021AAEFCC000841A3 /* MeasureViewController.swift */,
				C1FE939F21EBAB21000B90FC /* MeasurementSettingsViewController.swift */,
				C17447F52208A15300287C3E /* CategoryWizardViewController.swift */,
				C1B2195421AC014900F7D004 /* GraphViewController.swift */,
				C1F188B722CBB28A0056B77B /* MeasurementDetailViewController.swift */,
				C12D4E6B21AECD2300AC2118 /* GraphPageViewController.swift */,
				C11C019C22B2987B003CE368 /* AppSettingsViewController.swift */,
				C1FF889022B6953000E1EDB5 /* AdvancedAppSettingsViewController.swift */,
			);
			path = Controller;
			sourceTree = "<group>";
		};
		C1C961A121B6B0AD003A7396 /* Extensions */ = {
			isa = PBXGroup;
			children = (
				C1C9619B21B5CB34003A7396 /* UIColor+Rotterdam.swift */,
				C137A92222BD072100770750 /* UIColor+Graphs.swift */,
				C1C9619D21B5CD40003A7396 /* UIFont+Rotterdam.swift */,
				C20FA50A23167438009C0BC2 /* Date+Epoch.swift */,
			);
			path = Extensions;
			sourceTree = "<group>";
		};
		C1C961A221B6B0C0003A7396 /* Model */ = {
			isa = PBXGroup;
			children = (
				C1FB6FD3220A371800D7BE5A /* CategoryWizardDelegate.swift */,
				C17A3FA0224FC7DE00575905 /* Database.swift */,
				C1D1C4C622307D40000B7D99 /* Measurement.swift */,
				C1FB6FD5220A376700D7BE5A /* MeasurementSettings.swift */,
				C17447E92208732B00287C3E /* BuildingCategory.swift */,
				C17447EB2208734200287C3E /* VibrationCategory.swift */,
				C1B2195621AC04AB00F7D004 /* GraphType.swift */,
				C14B388C2180CB3500B03F99 /* DataPoint.swift */,
				C17447ED22088F8000287C3E /* CategoryWizard.swift */,
				C17447EF22088FA600287C3E /* WizardQuestion.swift */,
				C17447F32208926700287C3E /* WizardOutcome.swift */,
				C17447F12208902700287C3E /* WizardItem.swift */,
				C162EFEF228862CD005E71CE /* PowerLimit.swift */,
			);
			path = Model;
			sourceTree = "<group>";
		};
		C1C961A321B6B0CD003A7396 /* View */ = {
			isa = PBXGroup;
			children = (
				C1BA5875221A15CF00EF2480 /* MeasurementTableViewCell.swift */,
				C1856311220B37540073999B /* CategoryWizardView.swift */,
				C17CDC93220B76C800F008E8 /* CategoryWizardResultsView.swift */,
				C1D8A15A21F1349000921AE5 /* SwitchTableViewCell.swift */,
				C2DE214B231D013A00BF772D /* Chart.swift */,
			);
			path = View;
			sourceTree = "<group>";
		};
		C1FF889422B6C5FA00E1EDB5 /* Resources */ = {
			isa = PBXGroup;
			children = (
				C1FF889222B6C5F100E1EDB5 /* PreferencesKeys.swift */,
			);
			path = Resources;
			sourceTree = "<group>";
		};
		C2DE2153231E57C600BF772D /* AAInfoGraph */ = {
			isa = PBXGroup;
			children = (
				C2DE2188231E57F900BF772D /* AAJSFiles.bundle */,
				C2DE2174231E57F400BF772D /* AAAnimation.swift */,
				C2DE216F231E57F300BF772D /* AAChart.swift */,
				C2DE216D231E57F300BF772D /* AACrosshair.swift */,
				C2DE2167231E57F300BF772D /* AADataLabels.swift */,
				C2DE2170231E57F300BF772D /* AALabel.swift */,
				C2DE2175231E57F400BF772D /* AALabels.swift */,
				C2DE216C231E57F300BF772D /* AALegend.swift */,
				C2DE2165231E57F300BF772D /* AAMarker.swift */,
				C2DE2169231E57F300BF772D /* AAOptions.swift */,
				C2DE2172231E57F400BF772D /* AAPlotBandsElement.swift */,
				C2DE2166231E57F300BF772D /* AAPlotLinesElement.swift */,
				C2DE2173231E57F400BF772D /* AAPlotOptions.swift */,
				C2DE216E231E57F300BF772D /* AASeries.swift */,
				C2DE2168231E57F300BF772D /* AASubtitle.swift */,
				C2DE2171231E57F400BF772D /* AATitle.swift */,
				C2DE216A231E57F300BF772D /* AATooltip.swift */,
				C2DE2164231E57F200BF772D /* AAXAxis.swift */,
				C2DE216B231E57F300BF772D /* AAYAxis.swift */,
				C2DE2155231E57E300BF772D /* AAChartModel.swift */,
				C2DE2157231E57E300BF772D /* AAChartView.swift */,
				C2DE2159231E57E400BF772D /* AAColor.swift */,
				C2DE2154231E57E300BF772D /* AAEasyTool.swift */,
				C2DE215B231E57E400BF772D /* AAGradientColor.swift */,
				C2DE215A231E57E400BF772D /* AAOptionsComposer.swift */,
				C2DE2156231E57E300BF772D /* AASerializable.swift */,
				C2DE2158231E57E300BF772D /* AASeriesElement.swift */,
			);
			path = AAInfoGraph;
			sourceTree = "<group>";
		};
/* End PBXGroup section */

/* Begin PBXNativeTarget section */
		C1BA12E8217CBD0A0024F2DA /* SBRA */ = {
			isa = PBXNativeTarget;
			buildConfigurationList = C1BA1306217CBD0D0024F2DA /* Build configuration list for PBXNativeTarget "SBRA" */;
			buildPhases = (
				4DEDBD45B6D9D5F7FA4A7BC4 /* [CP] Check Pods Manifest.lock */,
				C1BA12E5217CBD0A0024F2DA /* Sources */,
				C1BA12E6217CBD0A0024F2DA /* Frameworks */,
				C1BA12E7217CBD0A0024F2DA /* Resources */,
				22A43B98B2E52FA0F0512B63 /* [CP] Embed Pods Frameworks */,
				C1856310220B0C7C0073999B /* ShellScript */,
			);
			buildRules = (
			);
			dependencies = (
			);
			name = SBRA;
			productName = SBRA;
			productReference = C1BA12E9217CBD0A0024F2DA /* SBRA.app */;
			productType = "com.apple.product-type.application";
		};
		C1BA12FC217CBD0D0024F2DA /* SBRATests */ = {
			isa = PBXNativeTarget;
			buildConfigurationList = C1BA1309217CBD0D0024F2DA /* Build configuration list for PBXNativeTarget "SBRATests" */;
			buildPhases = (
				C1BA12F9217CBD0D0024F2DA /* Sources */,
				C1BA12FA217CBD0D0024F2DA /* Frameworks */,
				C1BA12FB217CBD0D0024F2DA /* Resources */,
			);
			buildRules = (
			);
			dependencies = (
				C1BA12FF217CBD0D0024F2DA /* PBXTargetDependency */,
			);
			name = SBRATests;
			productName = SBRATests;
			productReference = C1BA12FD217CBD0D0024F2DA /* SBRATests.xctest */;
			productType = "com.apple.product-type.bundle.unit-test";
		};
/* End PBXNativeTarget section */

/* Begin PBXProject section */
		C1BA12E1217CBD0A0024F2DA /* Project object */ = {
			isa = PBXProject;
			attributes = {
				LastSwiftUpdateCheck = 1000;
				LastUpgradeCheck = 1000;
				ORGANIZATIONNAME = "James Bal";
				TargetAttributes = {
					C1BA12E8217CBD0A0024F2DA = {
						CreatedOnToolsVersion = 10.0;
						LastSwiftMigration = 1020;
					};
					C1BA12FC217CBD0D0024F2DA = {
						CreatedOnToolsVersion = 10.0;
						LastSwiftMigration = 1020;
						TestTargetID = C1BA12E8217CBD0A0024F2DA;
					};
				};
			};
			buildConfigurationList = C1BA12E4217CBD0A0024F2DA /* Build configuration list for PBXProject "SBRA" */;
			compatibilityVersion = "Xcode 9.3";
			developmentRegion = en;
			hasScannedForEncodings = 0;
			knownRegions = (
				en,
				Base,
			);
			mainGroup = C1BA12E0217CBD0A0024F2DA;
			productRefGroup = C1BA12EA217CBD0A0024F2DA /* Products */;
			projectDirPath = "";
			projectRoot = "";
			targets = (
				C1BA12E8217CBD0A0024F2DA /* SBRA */,
				C1BA12FC217CBD0D0024F2DA /* SBRATests */,
			);
		};
/* End PBXProject section */

/* Begin PBXResourcesBuildPhase section */
		C1BA12E7217CBD0A0024F2DA /* Resources */ = {
			isa = PBXResourcesBuildPhase;
			buildActionMask = 2147483647;
			files = (
				C1BA12F7217CBD0D0024F2DA /* LaunchScreen.storyboard in Resources */,
				C2DE2189231E57FA00BF772D /* AAJSFiles.bundle in Resources */,
				C1BA12F4217CBD0D0024F2DA /* Assets.xcassets in Resources */,
			);
			runOnlyForDeploymentPostprocessing = 0;
		};
		C1BA12FB217CBD0D0024F2DA /* Resources */ = {
			isa = PBXResourcesBuildPhase;
			buildActionMask = 2147483647;
			files = (
			);
			runOnlyForDeploymentPostprocessing = 0;
		};
/* End PBXResourcesBuildPhase section */

/* Begin PBXShellScriptBuildPhase section */
		22A43B98B2E52FA0F0512B63 /* [CP] Embed Pods Frameworks */ = {
			isa = PBXShellScriptBuildPhase;
			buildActionMask = 2147483647;
			files = (
			);
			inputFileListPaths = (
				"${PODS_ROOT}/Target Support Files/Pods-SBRA/Pods-SBRA-frameworks-${CONFIGURATION}-input-files.xcfilelist",
			);
			name = "[CP] Embed Pods Frameworks";
			outputFileListPaths = (
				"${PODS_ROOT}/Target Support Files/Pods-SBRA/Pods-SBRA-frameworks-${CONFIGURATION}-output-files.xcfilelist",
			);
			runOnlyForDeploymentPostprocessing = 0;
			shellPath = /bin/sh;
			shellScript = "\"${PODS_ROOT}/Target Support Files/Pods-SBRA/Pods-SBRA-frameworks.sh\"\n";
			showEnvVarsInLog = 0;
		};
		4DEDBD45B6D9D5F7FA4A7BC4 /* [CP] Check Pods Manifest.lock */ = {
			isa = PBXShellScriptBuildPhase;
			buildActionMask = 2147483647;
			files = (
			);
			inputFileListPaths = (
			);
			inputPaths = (
				"${PODS_PODFILE_DIR_PATH}/Podfile.lock",
				"${PODS_ROOT}/Manifest.lock",
			);
			name = "[CP] Check Pods Manifest.lock";
			outputFileListPaths = (
			);
			outputPaths = (
				"$(DERIVED_FILE_DIR)/Pods-SBRA-checkManifestLockResult.txt",
			);
			runOnlyForDeploymentPostprocessing = 0;
			shellPath = /bin/sh;
			shellScript = "diff \"${PODS_PODFILE_DIR_PATH}/Podfile.lock\" \"${PODS_ROOT}/Manifest.lock\" > /dev/null\nif [ $? != 0 ] ; then\n    # print error to STDERR\n    echo \"error: The sandbox is not in sync with the Podfile.lock. Run 'pod install' or update your CocoaPods installation.\" >&2\n    exit 1\nfi\n# This output is used by Xcode 'outputs' to avoid re-running this script phase.\necho \"SUCCESS\" > \"${SCRIPT_OUTPUT_FILE_0}\"\n";
			showEnvVarsInLog = 0;
		};
		C1856310220B0C7C0073999B /* ShellScript */ = {
			isa = PBXShellScriptBuildPhase;
			buildActionMask = 2147483647;
			files = (
			);
			inputFileListPaths = (
			);
			inputPaths = (
			);
			outputFileListPaths = (
			);
			outputPaths = (
			);
			runOnlyForDeploymentPostprocessing = 0;
			shellPath = /bin/sh;
			shellScript = "${PODS_ROOT}/SwiftLint/swiftlint\n";
		};
/* End PBXShellScriptBuildPhase section */

/* Begin PBXSourcesBuildPhase section */
		C1BA12E5217CBD0A0024F2DA /* Sources */ = {
			isa = PBXSourcesBuildPhase;
			buildActionMask = 2147483647;
			files = (
				C17447EA2208732B00287C3E /* BuildingCategory.swift in Sources */,
				C2DE218B231FD14800BF772D /* Const.swift in Sources */,
				C2DE2161231E57E400BF772D /* AAColor.swift in Sources */,
				C2DE2184231E57F400BF772D /* AAPlotBandsElement.swift in Sources */,
				C1FB6FD6220A376700D7BE5A /* MeasurementSettings.swift in Sources */,
				C1FE93A021EBAB21000B90FC /* MeasurementSettingsViewController.swift in Sources */,
				C1C9619E21B5CD40003A7396 /* UIFont+Rotterdam.swift in Sources */,
				C162EFF0228862CD005E71CE /* PowerLimit.swift in Sources */,
				C17CDC94220B76C800F008E8 /* CategoryWizardResultsView.swift in Sources */,
				C2DE2162231E57E400BF772D /* AAOptionsComposer.swift in Sources */,
				C1B2195521AC014900F7D004 /* GraphViewController.swift in Sources */,
				C1FF889322B6C5F100E1EDB5 /* PreferencesKeys.swift in Sources */,
				C14B38892180C36300B03F99 /* MotionDataParser.swift in Sources */,
				C2DE2180231E57F400BF772D /* AASeries.swift in Sources */,
				C2DE217A231E57F400BF772D /* AASubtitle.swift in Sources */,
				C2DE217C231E57F400BF772D /* AATooltip.swift in Sources */,
				C1EE40CE219F6599004776F0 /* MeasurementsViewController.swift in Sources */,
				C20FA50B23167438009C0BC2 /* Date+Epoch.swift in Sources */,
				C17447F62208A15300287C3E /* CategoryWizardViewController.swift in Sources */,
				C2DE215C231E57E400BF772D /* AAEasyTool.swift in Sources */,
				C2DE2179231E57F400BF772D /* AADataLabels.swift in Sources */,
				C1B2195721AC04AB00F7D004 /* GraphType.swift in Sources */,
				C1C9619C21B5CB34003A7396 /* UIColor+Rotterdam.swift in Sources */,
				C14B388D2180CB3500B03F99 /* DataPoint.swift in Sources */,
				C1D8A15B21F1349000921AE5 /* SwitchTableViewCell.swift in Sources */,
				C2DE218D231FEDE100BF772D /* FFT.swift in Sources */,
				C2DE217B231E57F400BF772D /* AAOptions.swift in Sources */,
				C17447F022088FA600287C3E /* WizardQuestion.swift in Sources */,
				C1BA12ED217CBD0A0024F2DA /* AppDelegate.swift in Sources */,
				C2DE2160231E57E400BF772D /* AASeriesElement.swift in Sources */,
				C20FA50723155670009C0BC2 /* DominantFrequencies.swift in Sources */,
				C2DE2178231E57F400BF772D /* AAPlotLinesElement.swift in Sources */,
				C2DE2177231E57F400BF772D /* AAMarker.swift in Sources */,
				C2DE2183231E57F400BF772D /* AATitle.swift in Sources */,
				C1FF889122B6953000E1EDB5 /* AdvancedAppSettingsViewController.swift in Sources */,
				C17A3FA1224FC7DE00575905 /* Database.swift in Sources */,
				C20FA50323155531009C0BC2 /* DataHandler.swift in Sources */,
				C2DE215D231E57E400BF772D /* AAChartModel.swift in Sources */,
				C2DE217F231E57F400BF772D /* AACrosshair.swift in Sources */,
				C1F188B822CBB28A0056B77B /* MeasurementDetailViewController.swift in Sources */,
				C2DE2176231E57F400BF772D /* AAXAxis.swift in Sources */,
				C2DE217E231E57F400BF772D /* AALegend.swift in Sources */,
				C2DE214C231D013A00BF772D /* Chart.swift in Sources */,
				C2DE2186231E57F400BF772D /* AAAnimation.swift in Sources */,
				C2DE2181231E57F400BF772D /* AAChart.swift in Sources */,
				C20FA50D2316804A009C0BC2 /* MeasurementControl.swift in Sources */,
				C1856312220B37540073999B /* CategoryWizardView.swift in Sources */,
				C2DE2182231E57F400BF772D /* AALabel.swift in Sources */,
				C2DE2187231E57F400BF772D /* AALabels.swift in Sources */,
				C2DE2185231E57F400BF772D /* AAPlotOptions.swift in Sources */,
				C2DE217D231E57F400BF772D /* AAYAxis.swift in Sources */,
				C1FB6FD4220A371800D7BE5A /* CategoryWizardDelegate.swift in Sources */,
				C12D4E6C21AECD2300AC2118 /* GraphPageViewController.swift in Sources */,
				C1BA5876221A15CF00EF2480 /* MeasurementTableViewCell.swift in Sources */,
				C17447EE22088F8000287C3E /* CategoryWizard.swift in Sources */,
				C20FA50523155564009C0BC2 /* DataInterval.swift in Sources */,
				C17447EC2208734200287C3E /* VibrationCategory.swift in Sources */,
				C2DE2163231E57E400BF772D /* AAGradientColor.swift in Sources */,
				C2DE215E231E57E400BF772D /* AASerializable.swift in Sources */,
				C20FA5092315639F009C0BC2 /* Calculator.swift in Sources */,
				C1EA6B3121AAEFCC000841A3 /* MeasureViewController.swift in Sources */,
				C2DE215F231E57E400BF772D /* AAChartView.swift in Sources */,
				C17447F22208902700287C3E /* WizardItem.swift in Sources */,
				C11C019D22B2987B003CE368 /* AppSettingsViewController.swift in Sources */,
				C1D1C4C722307D40000B7D99 /* Measurement.swift in Sources */,
				C137A92322BD072100770750 /* UIColor+Graphs.swift in Sources */,
				C17447F42208926700287C3E /* WizardOutcome.swift in Sources */,
			);
			runOnlyForDeploymentPostprocessing = 0;
		};
		C1BA12F9217CBD0D0024F2DA /* Sources */ = {
			isa = PBXSourcesBuildPhase;
			buildActionMask = 2147483647;
			files = (
				C1BA1302217CBD0D0024F2DA /* SBRATests.swift in Sources */,
			);
			runOnlyForDeploymentPostprocessing = 0;
		};
/* End PBXSourcesBuildPhase section */

/* Begin PBXTargetDependency section */
		C1BA12FF217CBD0D0024F2DA /* PBXTargetDependency */ = {
			isa = PBXTargetDependency;
			target = C1BA12E8217CBD0A0024F2DA /* SBRA */;
			targetProxy = C1BA12FE217CBD0D0024F2DA /* PBXContainerItemProxy */;
		};
/* End PBXTargetDependency section */

/* Begin PBXVariantGroup section */
		C1BA12F5217CBD0D0024F2DA /* LaunchScreen.storyboard */ = {
			isa = PBXVariantGroup;
			children = (
				C1BA12F6217CBD0D0024F2DA /* Base */,
			);
			name = LaunchScreen.storyboard;
			sourceTree = "<group>";
		};
/* End PBXVariantGroup section */

/* Begin XCBuildConfiguration section */
		C1BA1304217CBD0D0024F2DA /* Debug */ = {
			isa = XCBuildConfiguration;
			buildSettings = {
				ALWAYS_SEARCH_USER_PATHS = NO;
				CLANG_ANALYZER_NONNULL = YES;
				CLANG_ANALYZER_NUMBER_OBJECT_CONVERSION = YES_AGGRESSIVE;
				CLANG_CXX_LANGUAGE_STANDARD = "gnu++14";
				CLANG_CXX_LIBRARY = "libc++";
				CLANG_ENABLE_MODULES = YES;
				CLANG_ENABLE_OBJC_ARC = YES;
				CLANG_ENABLE_OBJC_WEAK = YES;
				CLANG_WARN_BLOCK_CAPTURE_AUTORELEASING = YES;
				CLANG_WARN_BOOL_CONVERSION = YES;
				CLANG_WARN_COMMA = YES;
				CLANG_WARN_CONSTANT_CONVERSION = YES;
				CLANG_WARN_DEPRECATED_OBJC_IMPLEMENTATIONS = YES;
				CLANG_WARN_DIRECT_OBJC_ISA_USAGE = YES_ERROR;
				CLANG_WARN_DOCUMENTATION_COMMENTS = YES;
				CLANG_WARN_EMPTY_BODY = YES;
				CLANG_WARN_ENUM_CONVERSION = YES;
				CLANG_WARN_INFINITE_RECURSION = YES;
				CLANG_WARN_INT_CONVERSION = YES;
				CLANG_WARN_NON_LITERAL_NULL_CONVERSION = YES;
				CLANG_WARN_OBJC_IMPLICIT_RETAIN_SELF = YES;
				CLANG_WARN_OBJC_LITERAL_CONVERSION = YES;
				CLANG_WARN_OBJC_ROOT_CLASS = YES_ERROR;
				CLANG_WARN_RANGE_LOOP_ANALYSIS = YES;
				CLANG_WARN_STRICT_PROTOTYPES = YES;
				CLANG_WARN_SUSPICIOUS_MOVE = YES;
				CLANG_WARN_UNGUARDED_AVAILABILITY = YES_AGGRESSIVE;
				CLANG_WARN_UNREACHABLE_CODE = YES;
				CLANG_WARN__DUPLICATE_METHOD_MATCH = YES;
				CODE_SIGN_IDENTITY = "iPhone Developer";
				COPY_PHASE_STRIP = NO;
				DEBUG_INFORMATION_FORMAT = dwarf;
				DEVELOPMENT_TEAM = T7A6NGHUF6;
				ENABLE_STRICT_OBJC_MSGSEND = YES;
				ENABLE_TESTABILITY = YES;
				GCC_C_LANGUAGE_STANDARD = gnu11;
				GCC_DYNAMIC_NO_PIC = NO;
				GCC_NO_COMMON_BLOCKS = YES;
				GCC_OPTIMIZATION_LEVEL = 0;
				GCC_PREPROCESSOR_DEFINITIONS = (
					"DEBUG=1",
					"$(inherited)",
				);
				GCC_WARN_64_TO_32_BIT_CONVERSION = YES;
				GCC_WARN_ABOUT_RETURN_TYPE = YES_ERROR;
				GCC_WARN_UNDECLARED_SELECTOR = YES;
				GCC_WARN_UNINITIALIZED_AUTOS = YES_AGGRESSIVE;
				GCC_WARN_UNUSED_FUNCTION = YES;
				GCC_WARN_UNUSED_VARIABLE = YES;
				IPHONEOS_DEPLOYMENT_TARGET = 12.0;
				MTL_ENABLE_DEBUG_INFO = INCLUDE_SOURCE;
				MTL_FAST_MATH = YES;
				ONLY_ACTIVE_ARCH = YES;
				SDKROOT = iphoneos;
				SWIFT_ACTIVE_COMPILATION_CONDITIONS = DEBUG;
				SWIFT_OPTIMIZATION_LEVEL = "-Onone";
			};
			name = Debug;
		};
		C1BA1305217CBD0D0024F2DA /* Release */ = {
			isa = XCBuildConfiguration;
			buildSettings = {
				ALWAYS_SEARCH_USER_PATHS = NO;
				CLANG_ANALYZER_NONNULL = YES;
				CLANG_ANALYZER_NUMBER_OBJECT_CONVERSION = YES_AGGRESSIVE;
				CLANG_CXX_LANGUAGE_STANDARD = "gnu++14";
				CLANG_CXX_LIBRARY = "libc++";
				CLANG_ENABLE_MODULES = YES;
				CLANG_ENABLE_OBJC_ARC = YES;
				CLANG_ENABLE_OBJC_WEAK = YES;
				CLANG_WARN_BLOCK_CAPTURE_AUTORELEASING = YES;
				CLANG_WARN_BOOL_CONVERSION = YES;
				CLANG_WARN_COMMA = YES;
				CLANG_WARN_CONSTANT_CONVERSION = YES;
				CLANG_WARN_DEPRECATED_OBJC_IMPLEMENTATIONS = YES;
				CLANG_WARN_DIRECT_OBJC_ISA_USAGE = YES_ERROR;
				CLANG_WARN_DOCUMENTATION_COMMENTS = YES;
				CLANG_WARN_EMPTY_BODY = YES;
				CLANG_WARN_ENUM_CONVERSION = YES;
				CLANG_WARN_INFINITE_RECURSION = YES;
				CLANG_WARN_INT_CONVERSION = YES;
				CLANG_WARN_NON_LITERAL_NULL_CONVERSION = YES;
				CLANG_WARN_OBJC_IMPLICIT_RETAIN_SELF = YES;
				CLANG_WARN_OBJC_LITERAL_CONVERSION = YES;
				CLANG_WARN_OBJC_ROOT_CLASS = YES_ERROR;
				CLANG_WARN_RANGE_LOOP_ANALYSIS = YES;
				CLANG_WARN_STRICT_PROTOTYPES = YES;
				CLANG_WARN_SUSPICIOUS_MOVE = YES;
				CLANG_WARN_UNGUARDED_AVAILABILITY = YES_AGGRESSIVE;
				CLANG_WARN_UNREACHABLE_CODE = YES;
				CLANG_WARN__DUPLICATE_METHOD_MATCH = YES;
				CODE_SIGN_IDENTITY = "iPhone Developer";
				COPY_PHASE_STRIP = NO;
				DEBUG_INFORMATION_FORMAT = "dwarf-with-dsym";
				DEVELOPMENT_TEAM = T7A6NGHUF6;
				ENABLE_NS_ASSERTIONS = NO;
				ENABLE_STRICT_OBJC_MSGSEND = YES;
				GCC_C_LANGUAGE_STANDARD = gnu11;
				GCC_NO_COMMON_BLOCKS = YES;
				GCC_WARN_64_TO_32_BIT_CONVERSION = YES;
				GCC_WARN_ABOUT_RETURN_TYPE = YES_ERROR;
				GCC_WARN_UNDECLARED_SELECTOR = YES;
				GCC_WARN_UNINITIALIZED_AUTOS = YES_AGGRESSIVE;
				GCC_WARN_UNUSED_FUNCTION = YES;
				GCC_WARN_UNUSED_VARIABLE = YES;
				IPHONEOS_DEPLOYMENT_TARGET = 12.0;
				MTL_ENABLE_DEBUG_INFO = NO;
				MTL_FAST_MATH = YES;
				SDKROOT = iphoneos;
				SWIFT_COMPILATION_MODE = wholemodule;
				SWIFT_OPTIMIZATION_LEVEL = "-O";
				VALIDATE_PRODUCT = YES;
			};
			name = Release;
		};
		C1BA1307217CBD0D0024F2DA /* Debug */ = {
			isa = XCBuildConfiguration;
			baseConfigurationReference = 81B42AC13935647DFC95260F /* Pods-SBRA.debug.xcconfig */;
			buildSettings = {
				ASSETCATALOG_COMPILER_APPICON_NAME = AppIcon;
				CODE_SIGN_IDENTITY = "iPhone Developer";
				CODE_SIGN_STYLE = Automatic;
				CURRENT_PROJECT_VERSION = 6;
				DEVELOPMENT_TEAM = T7A6NGHUF6;
				INFOPLIST_FILE = SBRA/Info.plist;
				LD_RUNPATH_SEARCH_PATHS = (
					"$(inherited)",
					"@executable_path/Frameworks",
				);
				PRODUCT_BUNDLE_IDENTIFIER = com.gemeenterotterdam.trillingsmeter1;
				PRODUCT_NAME = "$(TARGET_NAME)";
				PROVISIONING_PROFILE_SPECIFIER = "";
				SWIFT_VERSION = 4.2;
				TARGETED_DEVICE_FAMILY = 1;
			};
			name = Debug;
		};
		C1BA1308217CBD0D0024F2DA /* Release */ = {
			isa = XCBuildConfiguration;
			baseConfigurationReference = 6F511BD27B300B9783B5BA4F /* Pods-SBRA.release.xcconfig */;
			buildSettings = {
				ASSETCATALOG_COMPILER_APPICON_NAME = AppIcon;
				CODE_SIGN_IDENTITY = "iPhone Developer";
				CODE_SIGN_STYLE = Automatic;
				CURRENT_PROJECT_VERSION = 6;
				DEVELOPMENT_TEAM = T7A6NGHUF6;
				INFOPLIST_FILE = SBRA/Info.plist;
				LD_RUNPATH_SEARCH_PATHS = (
					"$(inherited)",
					"@executable_path/Frameworks",
				);
				PRODUCT_BUNDLE_IDENTIFIER = com.gemeenterotterdam.trillingsmeter1;
				PRODUCT_NAME = "$(TARGET_NAME)";
				PROVISIONING_PROFILE_SPECIFIER = "";
				SWIFT_VERSION = 4.2;
				TARGETED_DEVICE_FAMILY = 1;
			};
			name = Release;
		};
		C1BA130A217CBD0D0024F2DA /* Debug */ = {
			isa = XCBuildConfiguration;
			buildSettings = {
				ALWAYS_EMBED_SWIFT_STANDARD_LIBRARIES = YES;
				BUNDLE_LOADER = "$(TEST_HOST)";
				CODE_SIGN_IDENTITY = "iPhone Developer";
				CODE_SIGN_STYLE = Automatic;
				DEVELOPMENT_TEAM = T7A6NGHUF6;
				INFOPLIST_FILE = SBRATests/Info.plist;
				LD_RUNPATH_SEARCH_PATHS = (
					"$(inherited)",
					"@executable_path/Frameworks",
					"@loader_path/Frameworks",
				);
				PRODUCT_BUNDLE_IDENTIFIER = com.wandersiemers.SBRATests;
				PRODUCT_NAME = "$(TARGET_NAME)";
				PROVISIONING_PROFILE_SPECIFIER = "";
				SWIFT_VERSION = 4.2;
				TARGETED_DEVICE_FAMILY = "1,2";
				TEST_HOST = "$(BUILT_PRODUCTS_DIR)/SBRA.app/SBRA";
			};
			name = Debug;
		};
		C1BA130B217CBD0D0024F2DA /* Release */ = {
			isa = XCBuildConfiguration;
			buildSettings = {
				ALWAYS_EMBED_SWIFT_STANDARD_LIBRARIES = YES;
				BUNDLE_LOADER = "$(TEST_HOST)";
				CODE_SIGN_IDENTITY = "iPhone Developer";
				CODE_SIGN_STYLE = Automatic;
				DEVELOPMENT_TEAM = T7A6NGHUF6;
				INFOPLIST_FILE = SBRATests/Info.plist;
				LD_RUNPATH_SEARCH_PATHS = (
					"$(inherited)",
					"@executable_path/Frameworks",
					"@loader_path/Frameworks",
				);
				PRODUCT_BUNDLE_IDENTIFIER = com.wandersiemers.SBRATests;
				PRODUCT_NAME = "$(TARGET_NAME)";
				PROVISIONING_PROFILE_SPECIFIER = "";
				SWIFT_VERSION = 4.2;
				TARGETED_DEVICE_FAMILY = "1,2";
				TEST_HOST = "$(BUILT_PRODUCTS_DIR)/SBRA.app/SBRA";
			};
			name = Release;
		};
/* End XCBuildConfiguration section */

/* Begin XCConfigurationList section */
		C1BA12E4217CBD0A0024F2DA /* Build configuration list for PBXProject "SBRA" */ = {
			isa = XCConfigurationList;
			buildConfigurations = (
				C1BA1304217CBD0D0024F2DA /* Debug */,
				C1BA1305217CBD0D0024F2DA /* Release */,
			);
			defaultConfigurationIsVisible = 0;
			defaultConfigurationName = Release;
		};
		C1BA1306217CBD0D0024F2DA /* Build configuration list for PBXNativeTarget "SBRA" */ = {
			isa = XCConfigurationList;
			buildConfigurations = (
				C1BA1307217CBD0D0024F2DA /* Debug */,
				C1BA1308217CBD0D0024F2DA /* Release */,
			);
			defaultConfigurationIsVisible = 0;
			defaultConfigurationName = Release;
		};
		C1BA1309217CBD0D0024F2DA /* Build configuration list for PBXNativeTarget "SBRATests" */ = {
			isa = XCConfigurationList;
			buildConfigurations = (
				C1BA130A217CBD0D0024F2DA /* Debug */,
				C1BA130B217CBD0D0024F2DA /* Release */,
			);
			defaultConfigurationIsVisible = 0;
			defaultConfigurationName = Release;
		};
/* End XCConfigurationList section */
	};
	rootObject = C1BA12E1217CBD0A0024F2DA /* Project object */;
}
