// !$*UTF8*$!
{
	archiveVersion = 1;
	classes = {
	};
	objectVersion = 50;
	objects = {

/* Begin PBXBuildFile section */
		670611325E4EE8EC8A6E3873 /* Pods_SBRA.framework in Frameworks */ = {isa = PBXBuildFile; fileRef = 2C7648575BC029CAF6421FB1 /* Pods_SBRA.framework */; };
		C108A00921CC48A900C6CCB2 /* DominantFrequency.swift in Sources */ = {isa = PBXBuildFile; fileRef = C108A00821CC48A900C6CCB2 /* DominantFrequency.swift */; };
		C12D4E6C21AECD2300AC2118 /* GraphPageViewController.swift in Sources */ = {isa = PBXBuildFile; fileRef = C12D4E6B21AECD2300AC2118 /* GraphPageViewController.swift */; };
		C14B38892180C36300B03F99 /* MotionDataParser.swift in Sources */ = {isa = PBXBuildFile; fileRef = C14B38882180C36300B03F99 /* MotionDataParser.swift */; };
		C14B388D2180CB3500B03F99 /* DataPoint.swift in Sources */ = {isa = PBXBuildFile; fileRef = C14B388C2180CB3500B03F99 /* DataPoint.swift */; };
		C17447EA2208732B00287C3E /* BuildingCategory.swift in Sources */ = {isa = PBXBuildFile; fileRef = C17447E92208732B00287C3E /* BuildingCategory.swift */; };
		C17447EC2208734200287C3E /* VibrationCategory.swift in Sources */ = {isa = PBXBuildFile; fileRef = C17447EB2208734200287C3E /* VibrationCategory.swift */; };
		C17447EE22088F8000287C3E /* CategoryWizard.swift in Sources */ = {isa = PBXBuildFile; fileRef = C17447ED22088F8000287C3E /* CategoryWizard.swift */; };
		C17447F022088FA600287C3E /* WizardQuestion.swift in Sources */ = {isa = PBXBuildFile; fileRef = C17447EF22088FA600287C3E /* WizardQuestion.swift */; };
		C17447F22208902700287C3E /* WizardItem.swift in Sources */ = {isa = PBXBuildFile; fileRef = C17447F12208902700287C3E /* WizardItem.swift */; };
		C17447F42208926700287C3E /* WizardOutcome.swift in Sources */ = {isa = PBXBuildFile; fileRef = C17447F32208926700287C3E /* WizardOutcome.swift */; };
		C17447F62208A15300287C3E /* CategoryWizardViewController.swift in Sources */ = {isa = PBXBuildFile; fileRef = C17447F52208A15300287C3E /* CategoryWizardViewController.swift */; };
		C17A3FA1224FC7DE00575905 /* Database.swift in Sources */ = {isa = PBXBuildFile; fileRef = C17A3FA0224FC7DE00575905 /* Database.swift */; };
		C17A3FA3224FFC8400575905 /* PersistableMeasurement.swift in Sources */ = {isa = PBXBuildFile; fileRef = C17A3FA2224FFC8400575905 /* PersistableMeasurement.swift */; };
		C17A3FA5225006F300575905 /* PersistableDataPoint.swift in Sources */ = {isa = PBXBuildFile; fileRef = C17A3FA4225006F300575905 /* PersistableDataPoint.swift */; };
		C17CDC94220B76C800F008E8 /* CategoryWizardResultsView.swift in Sources */ = {isa = PBXBuildFile; fileRef = C17CDC93220B76C800F008E8 /* CategoryWizardResultsView.swift */; };
		C1856312220B37540073999B /* CategoryWizardView.swift in Sources */ = {isa = PBXBuildFile; fileRef = C1856311220B37540073999B /* CategoryWizardView.swift */; };
		C1B2195521AC014900F7D004 /* GraphViewController.swift in Sources */ = {isa = PBXBuildFile; fileRef = C1B2195421AC014900F7D004 /* GraphViewController.swift */; };
		C1B2195721AC04AB00F7D004 /* GraphType.swift in Sources */ = {isa = PBXBuildFile; fileRef = C1B2195621AC04AB00F7D004 /* GraphType.swift */; };
		C1BA12ED217CBD0A0024F2DA /* AppDelegate.swift in Sources */ = {isa = PBXBuildFile; fileRef = C1BA12EC217CBD0A0024F2DA /* AppDelegate.swift */; };
		C1BA12F4217CBD0D0024F2DA /* Assets.xcassets in Resources */ = {isa = PBXBuildFile; fileRef = C1BA12F3217CBD0D0024F2DA /* Assets.xcassets */; };
		C1BA12F7217CBD0D0024F2DA /* LaunchScreen.storyboard in Resources */ = {isa = PBXBuildFile; fileRef = C1BA12F5217CBD0D0024F2DA /* LaunchScreen.storyboard */; };
		C1BA1302217CBD0D0024F2DA /* SBRATests.swift in Sources */ = {isa = PBXBuildFile; fileRef = C1BA1301217CBD0D0024F2DA /* SBRATests.swift */; };
		C1BA5876221A15CF00EF2480 /* MeasurementTableViewCell.swift in Sources */ = {isa = PBXBuildFile; fileRef = C1BA5875221A15CF00EF2480 /* MeasurementTableViewCell.swift */; };
		C1C9619C21B5CB34003A7396 /* UIColor+Rotterdam.swift in Sources */ = {isa = PBXBuildFile; fileRef = C1C9619B21B5CB34003A7396 /* UIColor+Rotterdam.swift */; };
		C1C9619E21B5CD40003A7396 /* UIFont+Rotterdam.swift in Sources */ = {isa = PBXBuildFile; fileRef = C1C9619D21B5CD40003A7396 /* UIFont+Rotterdam.swift */; };
		C1D1C4C722307D40000B7D99 /* Measurement.swift in Sources */ = {isa = PBXBuildFile; fileRef = C1D1C4C622307D40000B7D99 /* Measurement.swift */; };
		C1D8A15B21F1349000921AE5 /* SwitchTableViewCell.swift in Sources */ = {isa = PBXBuildFile; fileRef = C1D8A15A21F1349000921AE5 /* SwitchTableViewCell.swift */; };
		C1EA6B3121AAEFCC000841A3 /* MeasureViewController.swift in Sources */ = {isa = PBXBuildFile; fileRef = C1EA6B3021AAEFCC000841A3 /* MeasureViewController.swift */; };
		C1EA6B3321AAF383000841A3 /* GraphCollectionViewCell.swift in Sources */ = {isa = PBXBuildFile; fileRef = C1EA6B3221AAF383000841A3 /* GraphCollectionViewCell.swift */; };
		C1EE40CE219F6599004776F0 /* MeasurementsViewController.swift in Sources */ = {isa = PBXBuildFile; fileRef = C1EE40CD219F6599004776F0 /* MeasurementsViewController.swift */; };
		C1EE40D0219F6E0E004776F0 /* GraphView.swift in Sources */ = {isa = PBXBuildFile; fileRef = C1EE40CF219F6E0E004776F0 /* GraphView.swift */; };
		C1EE40D2219F6EC2004776F0 /* GraphSegment.swift in Sources */ = {isa = PBXBuildFile; fileRef = C1EE40D1219F6EC2004776F0 /* GraphSegment.swift */; };
		C1FB6FD4220A371800D7BE5A /* CategoryWizardDelegate.swift in Sources */ = {isa = PBXBuildFile; fileRef = C1FB6FD3220A371800D7BE5A /* CategoryWizardDelegate.swift */; };
		C1FB6FD6220A376700D7BE5A /* MeasurementSettings.swift in Sources */ = {isa = PBXBuildFile; fileRef = C1FB6FD5220A376700D7BE5A /* MeasurementSettings.swift */; };
		C1FE93A021EBAB21000B90FC /* MeasurementSettingsViewController.swift in Sources */ = {isa = PBXBuildFile; fileRef = C1FE939F21EBAB21000B90FC /* MeasurementSettingsViewController.swift */; };
/* End PBXBuildFile section */

/* Begin PBXContainerItemProxy section */
		C1BA12FE217CBD0D0024F2DA /* PBXContainerItemProxy */ = {
			isa = PBXContainerItemProxy;
			containerPortal = C1BA12E1217CBD0A0024F2DA /* Project object */;
			proxyType = 1;
			remoteGlobalIDString = C1BA12E8217CBD0A0024F2DA;
			remoteInfo = SBRA;
		};
/* End PBXContainerItemProxy section */

/* Begin PBXFileReference section */
		2C7648575BC029CAF6421FB1 /* Pods_SBRA.framework */ = {isa = PBXFileReference; explicitFileType = wrapper.framework; includeInIndex = 0; path = Pods_SBRA.framework; sourceTree = BUILT_PRODUCTS_DIR; };
		6F511BD27B300B9783B5BA4F /* Pods-SBRA.release.xcconfig */ = {isa = PBXFileReference; includeInIndex = 1; lastKnownFileType = text.xcconfig; name = "Pods-SBRA.release.xcconfig"; path = "Pods/Target Support Files/Pods-SBRA/Pods-SBRA.release.xcconfig"; sourceTree = "<group>"; };
		81B42AC13935647DFC95260F /* Pods-SBRA.debug.xcconfig */ = {isa = PBXFileReference; includeInIndex = 1; lastKnownFileType = text.xcconfig; name = "Pods-SBRA.debug.xcconfig"; path = "Pods/Target Support Files/Pods-SBRA/Pods-SBRA.debug.xcconfig"; sourceTree = "<group>"; };
		C108A00821CC48A900C6CCB2 /* DominantFrequency.swift */ = {isa = PBXFileReference; lastKnownFileType = sourcecode.swift; name = DominantFrequency.swift; path = Model/DominantFrequency.swift; sourceTree = "<group>"; };
		C12D4E6B21AECD2300AC2118 /* GraphPageViewController.swift */ = {isa = PBXFileReference; lastKnownFileType = sourcecode.swift; path = GraphPageViewController.swift; sourceTree = "<group>"; };
		C14B38882180C36300B03F99 /* MotionDataParser.swift */ = {isa = PBXFileReference; lastKnownFileType = sourcecode.swift; path = MotionDataParser.swift; sourceTree = "<group>"; };
		C14B388C2180CB3500B03F99 /* DataPoint.swift */ = {isa = PBXFileReference; lastKnownFileType = sourcecode.swift; path = DataPoint.swift; sourceTree = "<group>"; };
		C17447E92208732B00287C3E /* BuildingCategory.swift */ = {isa = PBXFileReference; lastKnownFileType = sourcecode.swift; path = BuildingCategory.swift; sourceTree = "<group>"; };
		C17447EB2208734200287C3E /* VibrationCategory.swift */ = {isa = PBXFileReference; lastKnownFileType = sourcecode.swift; path = VibrationCategory.swift; sourceTree = "<group>"; };
		C17447ED22088F8000287C3E /* CategoryWizard.swift */ = {isa = PBXFileReference; lastKnownFileType = sourcecode.swift; path = CategoryWizard.swift; sourceTree = "<group>"; };
		C17447EF22088FA600287C3E /* WizardQuestion.swift */ = {isa = PBXFileReference; lastKnownFileType = sourcecode.swift; path = WizardQuestion.swift; sourceTree = "<group>"; };
		C17447F12208902700287C3E /* WizardItem.swift */ = {isa = PBXFileReference; lastKnownFileType = sourcecode.swift; path = WizardItem.swift; sourceTree = "<group>"; };
		C17447F32208926700287C3E /* WizardOutcome.swift */ = {isa = PBXFileReference; lastKnownFileType = sourcecode.swift; path = WizardOutcome.swift; sourceTree = "<group>"; };
		C17447F52208A15300287C3E /* CategoryWizardViewController.swift */ = {isa = PBXFileReference; lastKnownFileType = sourcecode.swift; path = CategoryWizardViewController.swift; sourceTree = "<group>"; };
		C17A3FA0224FC7DE00575905 /* Database.swift */ = {isa = PBXFileReference; lastKnownFileType = sourcecode.swift; path = Database.swift; sourceTree = "<group>"; };
		C17A3FA2224FFC8400575905 /* PersistableMeasurement.swift */ = {isa = PBXFileReference; lastKnownFileType = sourcecode.swift; path = PersistableMeasurement.swift; sourceTree = "<group>"; };
		C17A3FA4225006F300575905 /* PersistableDataPoint.swift */ = {isa = PBXFileReference; lastKnownFileType = sourcecode.swift; path = PersistableDataPoint.swift; sourceTree = "<group>"; };
		C17CDC93220B76C800F008E8 /* CategoryWizardResultsView.swift */ = {isa = PBXFileReference; lastKnownFileType = sourcecode.swift; path = CategoryWizardResultsView.swift; sourceTree = "<group>"; };
		C1856311220B37540073999B /* CategoryWizardView.swift */ = {isa = PBXFileReference; lastKnownFileType = sourcecode.swift; path = CategoryWizardView.swift; sourceTree = "<group>"; };
		C1B2195421AC014900F7D004 /* GraphViewController.swift */ = {isa = PBXFileReference; lastKnownFileType = sourcecode.swift; path = GraphViewController.swift; sourceTree = "<group>"; };
		C1B2195621AC04AB00F7D004 /* GraphType.swift */ = {isa = PBXFileReference; lastKnownFileType = sourcecode.swift; path = GraphType.swift; sourceTree = "<group>"; };
		C1BA12E9217CBD0A0024F2DA /* SBRA.app */ = {isa = PBXFileReference; explicitFileType = wrapper.application; includeInIndex = 0; path = SBRA.app; sourceTree = BUILT_PRODUCTS_DIR; };
		C1BA12EC217CBD0A0024F2DA /* AppDelegate.swift */ = {isa = PBXFileReference; lastKnownFileType = sourcecode.swift; path = AppDelegate.swift; sourceTree = "<group>"; };
		C1BA12F3217CBD0D0024F2DA /* Assets.xcassets */ = {isa = PBXFileReference; lastKnownFileType = folder.assetcatalog; path = Assets.xcassets; sourceTree = "<group>"; };
		C1BA12F6217CBD0D0024F2DA /* Base */ = {isa = PBXFileReference; lastKnownFileType = file.storyboard; name = Base; path = Base.lproj/LaunchScreen.storyboard; sourceTree = "<group>"; };
		C1BA12F8217CBD0D0024F2DA /* Info.plist */ = {isa = PBXFileReference; lastKnownFileType = text.plist.xml; path = Info.plist; sourceTree = "<group>"; };
		C1BA12FD217CBD0D0024F2DA /* SBRATests.xctest */ = {isa = PBXFileReference; explicitFileType = wrapper.cfbundle; includeInIndex = 0; path = SBRATests.xctest; sourceTree = BUILT_PRODUCTS_DIR; };
		C1BA1301217CBD0D0024F2DA /* SBRATests.swift */ = {isa = PBXFileReference; lastKnownFileType = sourcecode.swift; path = SBRATests.swift; sourceTree = "<group>"; };
		C1BA1303217CBD0D0024F2DA /* Info.plist */ = {isa = PBXFileReference; lastKnownFileType = text.plist.xml; path = Info.plist; sourceTree = "<group>"; };
		C1BA5875221A15CF00EF2480 /* MeasurementTableViewCell.swift */ = {isa = PBXFileReference; lastKnownFileType = sourcecode.swift; path = MeasurementTableViewCell.swift; sourceTree = "<group>"; };
		C1C9619B21B5CB34003A7396 /* UIColor+Rotterdam.swift */ = {isa = PBXFileReference; lastKnownFileType = sourcecode.swift; path = "UIColor+Rotterdam.swift"; sourceTree = "<group>"; };
		C1C9619D21B5CD40003A7396 /* UIFont+Rotterdam.swift */ = {isa = PBXFileReference; lastKnownFileType = sourcecode.swift; path = "UIFont+Rotterdam.swift"; sourceTree = "<group>"; };
		C1D1C4C622307D40000B7D99 /* Measurement.swift */ = {isa = PBXFileReference; lastKnownFileType = sourcecode.swift; path = Measurement.swift; sourceTree = "<group>"; };
		C1D8A15A21F1349000921AE5 /* SwitchTableViewCell.swift */ = {isa = PBXFileReference; lastKnownFileType = sourcecode.swift; path = SwitchTableViewCell.swift; sourceTree = "<group>"; };
		C1EA6B3021AAEFCC000841A3 /* MeasureViewController.swift */ = {isa = PBXFileReference; lastKnownFileType = sourcecode.swift; path = MeasureViewController.swift; sourceTree = "<group>"; };
		C1EA6B3221AAF383000841A3 /* GraphCollectionViewCell.swift */ = {isa = PBXFileReference; lastKnownFileType = sourcecode.swift; path = GraphCollectionViewCell.swift; sourceTree = "<group>"; };
		C1EE40CD219F6599004776F0 /* MeasurementsViewController.swift */ = {isa = PBXFileReference; lastKnownFileType = sourcecode.swift; path = MeasurementsViewController.swift; sourceTree = "<group>"; };
		C1EE40CF219F6E0E004776F0 /* GraphView.swift */ = {isa = PBXFileReference; lastKnownFileType = sourcecode.swift; path = GraphView.swift; sourceTree = "<group>"; };
		C1EE40D1219F6EC2004776F0 /* GraphSegment.swift */ = {isa = PBXFileReference; lastKnownFileType = sourcecode.swift; path = GraphSegment.swift; sourceTree = "<group>"; };
		C1FB6FD3220A371800D7BE5A /* CategoryWizardDelegate.swift */ = {isa = PBXFileReference; lastKnownFileType = sourcecode.swift; path = CategoryWizardDelegate.swift; sourceTree = "<group>"; };
		C1FB6FD5220A376700D7BE5A /* MeasurementSettings.swift */ = {isa = PBXFileReference; lastKnownFileType = sourcecode.swift; path = MeasurementSettings.swift; sourceTree = "<group>"; };
		C1FE939F21EBAB21000B90FC /* MeasurementSettingsViewController.swift */ = {isa = PBXFileReference; lastKnownFileType = sourcecode.swift; path = MeasurementSettingsViewController.swift; sourceTree = "<group>"; };
/* End PBXFileReference section */

/* Begin PBXFrameworksBuildPhase section */
		C1BA12E6217CBD0A0024F2DA /* Frameworks */ = {
			isa = PBXFrameworksBuildPhase;
			buildActionMask = 2147483647;
			files = (
				670611325E4EE8EC8A6E3873 /* Pods_SBRA.framework in Frameworks */,
			);
			runOnlyForDeploymentPostprocessing = 0;
		};
		C1BA12FA217CBD0D0024F2DA /* Frameworks */ = {
			isa = PBXFrameworksBuildPhase;
			buildActionMask = 2147483647;
			files = (
			);
			runOnlyForDeploymentPostprocessing = 0;
		};
/* End PBXFrameworksBuildPhase section */

/* Begin PBXGroup section */
		5C94E6BB505B04685F96DA71 /* Frameworks */ = {
			isa = PBXGroup;
			children = (
				2C7648575BC029CAF6421FB1 /* Pods_SBRA.framework */,
			);
			name = Frameworks;
			sourceTree = "<group>";
		};
		AC954403CD8586810C730375 /* Pods */ = {
			isa = PBXGroup;
			children = (
				81B42AC13935647DFC95260F /* Pods-SBRA.debug.xcconfig */,
				6F511BD27B300B9783B5BA4F /* Pods-SBRA.release.xcconfig */,
			);
			name = Pods;
			sourceTree = "<group>";
		};
		C1BA12E0217CBD0A0024F2DA = {
			isa = PBXGroup;
			children = (
				C1BA12EB217CBD0A0024F2DA /* SBRA */,
				C1BA1300217CBD0D0024F2DA /* SBRATests */,
				C1BA12EA217CBD0A0024F2DA /* Products */,
				AC954403CD8586810C730375 /* Pods */,
				5C94E6BB505B04685F96DA71 /* Frameworks */,
			);
			sourceTree = "<group>";
		};
		C1BA12EA217CBD0A0024F2DA /* Products */ = {
			isa = PBXGroup;
			children = (
				C1BA12E9217CBD0A0024F2DA /* SBRA.app */,
				C1BA12FD217CBD0D0024F2DA /* SBRATests.xctest */,
			);
			name = Products;
			sourceTree = "<group>";
		};
		C1BA12EB217CBD0A0024F2DA /* SBRA */ = {
			isa = PBXGroup;
			children = (
				C1BA12EC217CBD0A0024F2DA /* AppDelegate.swift */,
				C14B38882180C36300B03F99 /* MotionDataParser.swift */,
				C108A00821CC48A900C6CCB2 /* DominantFrequency.swift */,
				C1C9619F21B6B08B003A7396 /* View Controller */,
				C1C961A221B6B0C0003A7396 /* Model */,
				C1C961A321B6B0CD003A7396 /* View */,
				C1C961A121B6B0AD003A7396 /* Extensions */,
				C1BA12F3217CBD0D0024F2DA /* Assets.xcassets */,
				C1BA12F5217CBD0D0024F2DA /* LaunchScreen.storyboard */,
				C1BA12F8217CBD0D0024F2DA /* Info.plist */,
			);
			path = SBRA;
			sourceTree = "<group>";
		};
		C1BA1300217CBD0D0024F2DA /* SBRATests */ = {
			isa = PBXGroup;
			children = (
				C1BA1301217CBD0D0024F2DA /* SBRATests.swift */,
				C1BA1303217CBD0D0024F2DA /* Info.plist */,
			);
			path = SBRATests;
			sourceTree = "<group>";
		};
		C1C9619F21B6B08B003A7396 /* View Controller */ = {
			isa = PBXGroup;
			children = (
				C1EE40CD219F6599004776F0 /* MeasurementsViewController.swift */,
				C1EA6B3021AAEFCC000841A3 /* MeasureViewController.swift */,
				C1FE939F21EBAB21000B90FC /* MeasurementSettingsViewController.swift */,
				C17447F52208A15300287C3E /* CategoryWizardViewController.swift */,
				C1B2195421AC014900F7D004 /* GraphViewController.swift */,
				C12D4E6B21AECD2300AC2118 /* GraphPageViewController.swift */,
			);
			path = "View Controller";
			sourceTree = "<group>";
		};
		C1C961A121B6B0AD003A7396 /* Extensions */ = {
			isa = PBXGroup;
			children = (
				C1C9619B21B5CB34003A7396 /* UIColor+Rotterdam.swift */,
				C1C9619D21B5CD40003A7396 /* UIFont+Rotterdam.swift */,
			);
			path = Extensions;
			sourceTree = "<group>";
		};
		C1C961A221B6B0C0003A7396 /* Model */ = {
			isa = PBXGroup;
			children = (
				C17A3FA0224FC7DE00575905 /* Database.swift */,
				C1D1C4C622307D40000B7D99 /* Measurement.swift */,
				C17A3FA2224FFC8400575905 /* PersistableMeasurement.swift */,
				C1FB6FD3220A371800D7BE5A /* CategoryWizardDelegate.swift */,
				C1FB6FD5220A376700D7BE5A /* MeasurementSettings.swift */,
				C17447E92208732B00287C3E /* BuildingCategory.swift */,
				C17447EB2208734200287C3E /* VibrationCategory.swift */,
				C1B2195621AC04AB00F7D004 /* GraphType.swift */,
				C14B388C2180CB3500B03F99 /* DataPoint.swift */,
				C17A3FA4225006F300575905 /* PersistableDataPoint.swift */,
				C17447ED22088F8000287C3E /* CategoryWizard.swift */,
				C17447EF22088FA600287C3E /* WizardQuestion.swift */,
				C17447F32208926700287C3E /* WizardOutcome.swift */,
				C17447F12208902700287C3E /* WizardItem.swift */,
			);
			path = Model;
			sourceTree = "<group>";
		};
		C1C961A321B6B0CD003A7396 /* View */ = {
			isa = PBXGroup;
			children = (
				C1BA5875221A15CF00EF2480 /* MeasurementTableViewCell.swift */,
				C1856311220B37540073999B /* CategoryWizardView.swift */,
				C17CDC93220B76C800F008E8 /* CategoryWizardResultsView.swift */,
				C1D8A15A21F1349000921AE5 /* SwitchTableViewCell.swift */,
				C1EA6B3221AAF383000841A3 /* GraphCollectionViewCell.swift */,
				C1EE40CF219F6E0E004776F0 /* GraphView.swift */,
				C1EE40D1219F6EC2004776F0 /* GraphSegment.swift */,
			);
			path = View;
			sourceTree = "<group>";
		};
/* End PBXGroup section */

/* Begin PBXNativeTarget section */
		C1BA12E8217CBD0A0024F2DA /* SBRA */ = {
			isa = PBXNativeTarget;
			buildConfigurationList = C1BA1306217CBD0D0024F2DA /* Build configuration list for PBXNativeTarget "SBRA" */;
			buildPhases = (
				4DEDBD45B6D9D5F7FA4A7BC4 /* [CP] Check Pods Manifest.lock */,
				C1BA12E5217CBD0A0024F2DA /* Sources */,
				C1BA12E6217CBD0A0024F2DA /* Frameworks */,
				C1BA12E7217CBD0A0024F2DA /* Resources */,
				22A43B98B2E52FA0F0512B63 /* [CP] Embed Pods Frameworks */,
				C1856310220B0C7C0073999B /* ShellScript */,
			);
			buildRules = (
			);
			dependencies = (
			);
			name = SBRA;
			productName = SBRA;
			productReference = C1BA12E9217CBD0A0024F2DA /* SBRA.app */;
			productType = "com.apple.product-type.application";
		};
		C1BA12FC217CBD0D0024F2DA /* SBRATests */ = {
			isa = PBXNativeTarget;
			buildConfigurationList = C1BA1309217CBD0D0024F2DA /* Build configuration list for PBXNativeTarget "SBRATests" */;
			buildPhases = (
				C1BA12F9217CBD0D0024F2DA /* Sources */,
				C1BA12FA217CBD0D0024F2DA /* Frameworks */,
				C1BA12FB217CBD0D0024F2DA /* Resources */,
			);
			buildRules = (
			);
			dependencies = (
				C1BA12FF217CBD0D0024F2DA /* PBXTargetDependency */,
			);
			name = SBRATests;
			productName = SBRATests;
			productReference = C1BA12FD217CBD0D0024F2DA /* SBRATests.xctest */;
			productType = "com.apple.product-type.bundle.unit-test";
		};
/* End PBXNativeTarget section */

/* Begin PBXProject section */
		C1BA12E1217CBD0A0024F2DA /* Project object */ = {
			isa = PBXProject;
			attributes = {
				LastSwiftUpdateCheck = 1000;
				LastUpgradeCheck = 1000;
				ORGANIZATIONNAME = "Wander Siemers";
				TargetAttributes = {
					C1BA12E8217CBD0A0024F2DA = {
						CreatedOnToolsVersion = 10.0;
						LastSwiftMigration = 1020;
					};
					C1BA12FC217CBD0D0024F2DA = {
						CreatedOnToolsVersion = 10.0;
						LastSwiftMigration = 1020;
						TestTargetID = C1BA12E8217CBD0A0024F2DA;
					};
				};
			};
			buildConfigurationList = C1BA12E4217CBD0A0024F2DA /* Build configuration list for PBXProject "SBRA" */;
			compatibilityVersion = "Xcode 9.3";
			developmentRegion = en;
			hasScannedForEncodings = 0;
			knownRegions = (
				en,
				Base,
			);
			mainGroup = C1BA12E0217CBD0A0024F2DA;
			productRefGroup = C1BA12EA217CBD0A0024F2DA /* Products */;
			projectDirPath = "";
			projectRoot = "";
			targets = (
				C1BA12E8217CBD0A0024F2DA /* SBRA */,
				C1BA12FC217CBD0D0024F2DA /* SBRATests */,
			);
		};
/* End PBXProject section */

/* Begin PBXResourcesBuildPhase section */
		C1BA12E7217CBD0A0024F2DA /* Resources */ = {
			isa = PBXResourcesBuildPhase;
			buildActionMask = 2147483647;
			files = (
				C1BA12F7217CBD0D0024F2DA /* LaunchScreen.storyboard in Resources */,
				C1BA12F4217CBD0D0024F2DA /* Assets.xcassets in Resources */,
			);
			runOnlyForDeploymentPostprocessing = 0;
		};
		C1BA12FB217CBD0D0024F2DA /* Resources */ = {
			isa = PBXResourcesBuildPhase;
			buildActionMask = 2147483647;
			files = (
			);
			runOnlyForDeploymentPostprocessing = 0;
		};
/* End PBXResourcesBuildPhase section */

/* Begin PBXShellScriptBuildPhase section */
		22A43B98B2E52FA0F0512B63 /* [CP] Embed Pods Frameworks */ = {
			isa = PBXShellScriptBuildPhase;
			buildActionMask = 2147483647;
			files = (
			);
			inputFileListPaths = (
			);
			inputPaths = (
				"${SRCROOT}/Pods/Target Support Files/Pods-SBRA/Pods-SBRA-frameworks.sh",
				"${BUILT_PRODUCTS_DIR}/Realm/Realm.framework",
				"${BUILT_PRODUCTS_DIR}/RealmSwift/RealmSwift.framework",
				"${BUILT_PRODUCTS_DIR}/Surge/Surge.framework",
			);
			name = "[CP] Embed Pods Frameworks";
			outputFileListPaths = (
			);
			outputPaths = (
				"${TARGET_BUILD_DIR}/${FRAMEWORKS_FOLDER_PATH}/Realm.framework",
				"${TARGET_BUILD_DIR}/${FRAMEWORKS_FOLDER_PATH}/RealmSwift.framework",
				"${TARGET_BUILD_DIR}/${FRAMEWORKS_FOLDER_PATH}/Surge.framework",
			);
			runOnlyForDeploymentPostprocessing = 0;
			shellPath = /bin/sh;
			shellScript = "\"${SRCROOT}/Pods/Target Support Files/Pods-SBRA/Pods-SBRA-frameworks.sh\"\n";
			showEnvVarsInLog = 0;
		};
		4DEDBD45B6D9D5F7FA4A7BC4 /* [CP] Check Pods Manifest.lock */ = {
			isa = PBXShellScriptBuildPhase;
			buildActionMask = 2147483647;
			files = (
			);
			inputFileListPaths = (
			);
			inputPaths = (
				"${PODS_PODFILE_DIR_PATH}/Podfile.lock",
				"${PODS_ROOT}/Manifest.lock",
			);
			name = "[CP] Check Pods Manifest.lock";
			outputFileListPaths = (
			);
			outputPaths = (
				"$(DERIVED_FILE_DIR)/Pods-SBRA-checkManifestLockResult.txt",
			);
			runOnlyForDeploymentPostprocessing = 0;
			shellPath = /bin/sh;
			shellScript = "diff \"${PODS_PODFILE_DIR_PATH}/Podfile.lock\" \"${PODS_ROOT}/Manifest.lock\" > /dev/null\nif [ $? != 0 ] ; then\n    # print error to STDERR\n    echo \"error: The sandbox is not in sync with the Podfile.lock. Run 'pod install' or update your CocoaPods installation.\" >&2\n    exit 1\nfi\n# This output is used by Xcode 'outputs' to avoid re-running this script phase.\necho \"SUCCESS\" > \"${SCRIPT_OUTPUT_FILE_0}\"\n";
			showEnvVarsInLog = 0;
		};
		C1856310220B0C7C0073999B /* ShellScript */ = {
			isa = PBXShellScriptBuildPhase;
			buildActionMask = 2147483647;
			files = (
			);
			inputFileListPaths = (
			);
			inputPaths = (
			);
			outputFileListPaths = (
			);
			outputPaths = (
			);
			runOnlyForDeploymentPostprocessing = 0;
			shellPath = /bin/sh;
			shellScript = "${PODS_ROOT}/SwiftLint/swiftlint\n";
		};
/* End PBXShellScriptBuildPhase section */

/* Begin PBXSourcesBuildPhase section */
		C1BA12E5217CBD0A0024F2DA /* Sources */ = {
			isa = PBXSourcesBuildPhase;
			buildActionMask = 2147483647;
			files = (
				C17447EA2208732B00287C3E /* BuildingCategory.swift in Sources */,
				C1EE40D2219F6EC2004776F0 /* GraphSegment.swift in Sources */,
				C1FB6FD6220A376700D7BE5A /* MeasurementSettings.swift in Sources */,
				C1FE93A021EBAB21000B90FC /* MeasurementSettingsViewController.swift in Sources */,
				C1C9619E21B5CD40003A7396 /* UIFont+Rotterdam.swift in Sources */,
				C17CDC94220B76C800F008E8 /* CategoryWizardResultsView.swift in Sources */,
				C1B2195521AC014900F7D004 /* GraphViewController.swift in Sources */,
				C14B38892180C36300B03F99 /* MotionDataParser.swift in Sources */,
				C1EE40CE219F6599004776F0 /* MeasurementsViewController.swift in Sources */,
				C17447F62208A15300287C3E /* CategoryWizardViewController.swift in Sources */,
				C1B2195721AC04AB00F7D004 /* GraphType.swift in Sources */,
				C1C9619C21B5CB34003A7396 /* UIColor+Rotterdam.swift in Sources */,
				C14B388D2180CB3500B03F99 /* DataPoint.swift in Sources */,
				C1D8A15B21F1349000921AE5 /* SwitchTableViewCell.swift in Sources */,
				C108A00921CC48A900C6CCB2 /* DominantFrequency.swift in Sources */,
				C17447F022088FA600287C3E /* WizardQuestion.swift in Sources */,
				C17A3FA3224FFC8400575905 /* PersistableMeasurement.swift in Sources */,
				C1BA12ED217CBD0A0024F2DA /* AppDelegate.swift in Sources */,
				C1EE40D0219F6E0E004776F0 /* GraphView.swift in Sources */,
				C17A3FA1224FC7DE00575905 /* Database.swift in Sources */,
				C1856312220B37540073999B /* CategoryWizardView.swift in Sources */,
				C1EA6B3321AAF383000841A3 /* GraphCollectionViewCell.swift in Sources */,
				C1FB6FD4220A371800D7BE5A /* CategoryWizardDelegate.swift in Sources */,
				C17A3FA5225006F300575905 /* PersistableDataPoint.swift in Sources */,
				C12D4E6C21AECD2300AC2118 /* GraphPageViewController.swift in Sources */,
				C1BA5876221A15CF00EF2480 /* MeasurementTableViewCell.swift in Sources */,
				C17447EE22088F8000287C3E /* CategoryWizard.swift in Sources */,
				C17447EC2208734200287C3E /* VibrationCategory.swift in Sources */,
				C1EA6B3121AAEFCC000841A3 /* MeasureViewController.swift in Sources */,
				C17447F22208902700287C3E /* WizardItem.swift in Sources */,
				C1D1C4C722307D40000B7D99 /* Measurement.swift in Sources */,
				C17447F42208926700287C3E /* WizardOutcome.swift in Sources */,
			);
			runOnlyForDeploymentPostprocessing = 0;
		};
		C1BA12F9217CBD0D0024F2DA /* Sources */ = {
			isa = PBXSourcesBuildPhase;
			buildActionMask = 2147483647;
			files = (
				C1BA1302217CBD0D0024F2DA /* SBRATests.swift in Sources */,
			);
			runOnlyForDeploymentPostprocessing = 0;
		};
/* End PBXSourcesBuildPhase section */

/* Begin PBXTargetDependency section */
		C1BA12FF217CBD0D0024F2DA /* PBXTargetDependency */ = {
			isa = PBXTargetDependency;
			target = C1BA12E8217CBD0A0024F2DA /* SBRA */;
			targetProxy = C1BA12FE217CBD0D0024F2DA /* PBXContainerItemProxy */;
		};
/* End PBXTargetDependency section */

/* Begin PBXVariantGroup section */
		C1BA12F5217CBD0D0024F2DA /* LaunchScreen.storyboard */ = {
			isa = PBXVariantGroup;
			children = (
				C1BA12F6217CBD0D0024F2DA /* Base */,
			);
			name = LaunchScreen.storyboard;
			sourceTree = "<group>";
		};
/* End PBXVariantGroup section */

/* Begin XCBuildConfiguration section */
		C1BA1304217CBD0D0024F2DA /* Debug */ = {
			isa = XCBuildConfiguration;
			buildSettings = {
				ALWAYS_SEARCH_USER_PATHS = NO;
				CLANG_ANALYZER_NONNULL = YES;
				CLANG_ANALYZER_NUMBER_OBJECT_CONVERSION = YES_AGGRESSIVE;
				CLANG_CXX_LANGUAGE_STANDARD = "gnu++14";
				CLANG_CXX_LIBRARY = "libc++";
				CLANG_ENABLE_MODULES = YES;
				CLANG_ENABLE_OBJC_ARC = YES;
				CLANG_ENABLE_OBJC_WEAK = YES;
				CLANG_WARN_BLOCK_CAPTURE_AUTORELEASING = YES;
				CLANG_WARN_BOOL_CONVERSION = YES;
				CLANG_WARN_COMMA = YES;
				CLANG_WARN_CONSTANT_CONVERSION = YES;
				CLANG_WARN_DEPRECATED_OBJC_IMPLEMENTATIONS = YES;
				CLANG_WARN_DIRECT_OBJC_ISA_USAGE = YES_ERROR;
				CLANG_WARN_DOCUMENTATION_COMMENTS = YES;
				CLANG_WARN_EMPTY_BODY = YES;
				CLANG_WARN_ENUM_CONVERSION = YES;
				CLANG_WARN_INFINITE_RECURSION = YES;
				CLANG_WARN_INT_CONVERSION = YES;
				CLANG_WARN_NON_LITERAL_NULL_CONVERSION = YES;
				CLANG_WARN_OBJC_IMPLICIT_RETAIN_SELF = YES;
				CLANG_WARN_OBJC_LITERAL_CONVERSION = YES;
				CLANG_WARN_OBJC_ROOT_CLASS = YES_ERROR;
				CLANG_WARN_RANGE_LOOP_ANALYSIS = YES;
				CLANG_WARN_STRICT_PROTOTYPES = YES;
				CLANG_WARN_SUSPICIOUS_MOVE = YES;
				CLANG_WARN_UNGUARDED_AVAILABILITY = YES_AGGRESSIVE;
				CLANG_WARN_UNREACHABLE_CODE = YES;
				CLANG_WARN__DUPLICATE_METHOD_MATCH = YES;
				CODE_SIGN_IDENTITY = "iPhone Developer";
				COPY_PHASE_STRIP = NO;
				DEBUG_INFORMATION_FORMAT = dwarf;
				ENABLE_STRICT_OBJC_MSGSEND = YES;
				ENABLE_TESTABILITY = YES;
				GCC_C_LANGUAGE_STANDARD = gnu11;
				GCC_DYNAMIC_NO_PIC = NO;
				GCC_NO_COMMON_BLOCKS = YES;
				GCC_OPTIMIZATION_LEVEL = 0;
				GCC_PREPROCESSOR_DEFINITIONS = (
					"DEBUG=1",
					"$(inherited)",
				);
				GCC_WARN_64_TO_32_BIT_CONVERSION = YES;
				GCC_WARN_ABOUT_RETURN_TYPE = YES_ERROR;
				GCC_WARN_UNDECLARED_SELECTOR = YES;
				GCC_WARN_UNINITIALIZED_AUTOS = YES_AGGRESSIVE;
				GCC_WARN_UNUSED_FUNCTION = YES;
				GCC_WARN_UNUSED_VARIABLE = YES;
				IPHONEOS_DEPLOYMENT_TARGET = 12.0;
				MTL_ENABLE_DEBUG_INFO = INCLUDE_SOURCE;
				MTL_FAST_MATH = YES;
				ONLY_ACTIVE_ARCH = YES;
				SDKROOT = iphoneos;
				SWIFT_ACTIVE_COMPILATION_CONDITIONS = DEBUG;
				SWIFT_OPTIMIZATION_LEVEL = "-Onone";
			};
			name = Debug;
		};
		C1BA1305217CBD0D0024F2DA /* Release */ = {
			isa = XCBuildConfiguration;
			buildSettings = {
				ALWAYS_SEARCH_USER_PATHS = NO;
				CLANG_ANALYZER_NONNULL = YES;
				CLANG_ANALYZER_NUMBER_OBJECT_CONVERSION = YES_AGGRESSIVE;
				CLANG_CXX_LANGUAGE_STANDARD = "gnu++14";
				CLANG_CXX_LIBRARY = "libc++";
				CLANG_ENABLE_MODULES = YES;
				CLANG_ENABLE_OBJC_ARC = YES;
				CLANG_ENABLE_OBJC_WEAK = YES;
				CLANG_WARN_BLOCK_CAPTURE_AUTORELEASING = YES;
				CLANG_WARN_BOOL_CONVERSION = YES;
				CLANG_WARN_COMMA = YES;
				CLANG_WARN_CONSTANT_CONVERSION = YES;
				CLANG_WARN_DEPRECATED_OBJC_IMPLEMENTATIONS = YES;
				CLANG_WARN_DIRECT_OBJC_ISA_USAGE = YES_ERROR;
				CLANG_WARN_DOCUMENTATION_COMMENTS = YES;
				CLANG_WARN_EMPTY_BODY = YES;
				CLANG_WARN_ENUM_CONVERSION = YES;
				CLANG_WARN_INFINITE_RECURSION = YES;
				CLANG_WARN_INT_CONVERSION = YES;
				CLANG_WARN_NON_LITERAL_NULL_CONVERSION = YES;
				CLANG_WARN_OBJC_IMPLICIT_RETAIN_SELF = YES;
				CLANG_WARN_OBJC_LITERAL_CONVERSION = YES;
				CLANG_WARN_OBJC_ROOT_CLASS = YES_ERROR;
				CLANG_WARN_RANGE_LOOP_ANALYSIS = YES;
				CLANG_WARN_STRICT_PROTOTYPES = YES;
				CLANG_WARN_SUSPICIOUS_MOVE = YES;
				CLANG_WARN_UNGUARDED_AVAILABILITY = YES_AGGRESSIVE;
				CLANG_WARN_UNREACHABLE_CODE = YES;
				CLANG_WARN__DUPLICATE_METHOD_MATCH = YES;
				CODE_SIGN_IDENTITY = "iPhone Developer";
				COPY_PHASE_STRIP = NO;
				DEBUG_INFORMATION_FORMAT = "dwarf-with-dsym";
				ENABLE_NS_ASSERTIONS = NO;
				ENABLE_STRICT_OBJC_MSGSEND = YES;
				GCC_C_LANGUAGE_STANDARD = gnu11;
				GCC_NO_COMMON_BLOCKS = YES;
				GCC_WARN_64_TO_32_BIT_CONVERSION = YES;
				GCC_WARN_ABOUT_RETURN_TYPE = YES_ERROR;
				GCC_WARN_UNDECLARED_SELECTOR = YES;
				GCC_WARN_UNINITIALIZED_AUTOS = YES_AGGRESSIVE;
				GCC_WARN_UNUSED_FUNCTION = YES;
				GCC_WARN_UNUSED_VARIABLE = YES;
				IPHONEOS_DEPLOYMENT_TARGET = 12.0;
				MTL_ENABLE_DEBUG_INFO = NO;
				MTL_FAST_MATH = YES;
				SDKROOT = iphoneos;
				SWIFT_COMPILATION_MODE = wholemodule;
				SWIFT_OPTIMIZATION_LEVEL = "-O";
				VALIDATE_PRODUCT = YES;
			};
			name = Release;
		};
		C1BA1307217CBD0D0024F2DA /* Debug */ = {
			isa = XCBuildConfiguration;
			baseConfigurationReference = 81B42AC13935647DFC95260F /* Pods-SBRA.debug.xcconfig */;
			buildSettings = {
				ASSETCATALOG_COMPILER_APPICON_NAME = AppIcon;
				CODE_SIGN_STYLE = Automatic;
				DEVELOPMENT_TEAM = 5CS86W64Q7;
				INFOPLIST_FILE = SBRA/Info.plist;
				LD_RUNPATH_SEARCH_PATHS = (
					"$(inherited)",
					"@executable_path/Frameworks",
				);
				PRODUCT_BUNDLE_IDENTIFIER = com.gemeenterotterdam.trillingsmeter;
				PRODUCT_NAME = "$(TARGET_NAME)";
				SWIFT_VERSION = 5.0;
				TARGETED_DEVICE_FAMILY = 1;
			};
			name = Debug;
		};
		C1BA1308217CBD0D0024F2DA /* Release */ = {
			isa = XCBuildConfiguration;
			baseConfigurationReference = 6F511BD27B300B9783B5BA4F /* Pods-SBRA.release.xcconfig */;
			buildSettings = {
				ASSETCATALOG_COMPILER_APPICON_NAME = AppIcon;
				CODE_SIGN_STYLE = Automatic;
				DEVELOPMENT_TEAM = 5CS86W64Q7;
				INFOPLIST_FILE = SBRA/Info.plist;
				LD_RUNPATH_SEARCH_PATHS = (
					"$(inherited)",
					"@executable_path/Frameworks",
				);
				PRODUCT_BUNDLE_IDENTIFIER = com.gemeenterotterdam.trillingsmeter;
				PRODUCT_NAME = "$(TARGET_NAME)";
				SWIFT_VERSION = 5.0;
				TARGETED_DEVICE_FAMILY = 1;
			};
			name = Release;
		};
		C1BA130A217CBD0D0024F2DA /* Debug */ = {
			isa = XCBuildConfiguration;
			buildSettings = {
				ALWAYS_EMBED_SWIFT_STANDARD_LIBRARIES = YES;
				BUNDLE_LOADER = "$(TEST_HOST)";
				CODE_SIGN_STYLE = Automatic;
				DEVELOPMENT_TEAM = RH65MF94A8;
				INFOPLIST_FILE = SBRATests/Info.plist;
				LD_RUNPATH_SEARCH_PATHS = (
					"$(inherited)",
					"@executable_path/Frameworks",
					"@loader_path/Frameworks",
				);
				PRODUCT_BUNDLE_IDENTIFIER = com.wandersiemers.SBRATests;
				PRODUCT_NAME = "$(TARGET_NAME)";
				SWIFT_VERSION = 5.0;
				TARGETED_DEVICE_FAMILY = "1,2";
				TEST_HOST = "$(BUILT_PRODUCTS_DIR)/SBRA.app/SBRA";
			};
			name = Debug;
		};
		C1BA130B217CBD0D0024F2DA /* Release */ = {
			isa = XCBuildConfiguration;
			buildSettings = {
				ALWAYS_EMBED_SWIFT_STANDARD_LIBRARIES = YES;
				BUNDLE_LOADER = "$(TEST_HOST)";
				CODE_SIGN_STYLE = Automatic;
				DEVELOPMENT_TEAM = RH65MF94A8;
				INFOPLIST_FILE = SBRATests/Info.plist;
				LD_RUNPATH_SEARCH_PATHS = (
					"$(inherited)",
					"@executable_path/Frameworks",
					"@loader_path/Frameworks",
				);
				PRODUCT_BUNDLE_IDENTIFIER = com.wandersiemers.SBRATests;
				PRODUCT_NAME = "$(TARGET_NAME)";
				SWIFT_VERSION = 5.0;
				TARGETED_DEVICE_FAMILY = "1,2";
				TEST_HOST = "$(BUILT_PRODUCTS_DIR)/SBRA.app/SBRA";
			};
			name = Release;
		};
/* End XCBuildConfiguration section */

/* Begin XCConfigurationList section */
		C1BA12E4217CBD0A0024F2DA /* Build configuration list for PBXProject "SBRA" */ = {
			isa = XCConfigurationList;
			buildConfigurations = (
				C1BA1304217CBD0D0024F2DA /* Debug */,
				C1BA1305217CBD0D0024F2DA /* Release */,
			);
			defaultConfigurationIsVisible = 0;
			defaultConfigurationName = Release;
		};
		C1BA1306217CBD0D0024F2DA /* Build configuration list for PBXNativeTarget "SBRA" */ = {
			isa = XCConfigurationList;
			buildConfigurations = (
				C1BA1307217CBD0D0024F2DA /* Debug */,
				C1BA1308217CBD0D0024F2DA /* Release */,
			);
			defaultConfigurationIsVisible = 0;
			defaultConfigurationName = Release;
		};
		C1BA1309217CBD0D0024F2DA /* Build configuration list for PBXNativeTarget "SBRATests" */ = {
			isa = XCConfigurationList;
			buildConfigurations = (
				C1BA130A217CBD0D0024F2DA /* Debug */,
				C1BA130B217CBD0D0024F2DA /* Release */,
			);
			defaultConfigurationIsVisible = 0;
			defaultConfigurationName = Release;
		};
/* End XCConfigurationList section */
	};
	rootObject = C1BA12E1217CBD0A0024F2DA /* Project object */;
}
